
Microsoft Visual Studio Solution File, Format Version 12.00
# Visual Studio 15
VisualStudioVersion = 15.0.27705.2000
MinimumVisualStudioVersion = 10.0.40219.1
Project("{FAE04EC0-301F-11D3-BF4B-00C04F79EFBC}") = "GestureSample.Droid", "GestureSample\GestureSample.Droid\GestureSample.Droid.csproj", "{E8A97A17-7AF2-4DDC-AAC7-EFFACD38FF15}"
EndProject
Project("{FAE04EC0-301F-11D3-BF4B-00C04F79EFBC}") = "GestureSample.iOS", "GestureSample\GestureSample.iOS\GestureSample.iOS.csproj", "{EC9BE3C6-F36B-4520-86D1-F695BFFBF56B}"
EndProject
Project("{FAE04EC0-301F-11D3-BF4B-00C04F79EFBC}") = "GestureSample.UWP", "GestureSample\GestureSample.UWP\GestureSample.UWP.csproj", "{8CD99BCB-2F6B-4B4A-953B-39DAA6658E49}"
EndProject
Project("{9A19103F-16F7-4668-BE54-9A1E7A4F7556}") = "GestureSample", "GestureSample\GestureSample\GestureSample.csproj", "{36F61452-8677-4268-A3AF-C7615C5C046C}"
EndProject
Project("{FAE04EC0-301F-11D3-BF4B-00C04F79EFBC}") = "GestureSample.WPF", "GestureSample\GestureSample.WPF\GestureSample.WPF.csproj", "{B3F95354-FE29-433D-9F4C-E879AF21B21E}"
EndProject
Project("{FAE04EC0-301F-11D3-BF4B-00C04F79EFBC}") = "GestureSample.MacOS", "GestureSample\GestureSample.MacOS\GestureSample.MacOS.csproj", "{D869513F-1875-43C5-B20B-EEC056D1D339}"
EndProject
Global
	GlobalSection(SolutionConfigurationPlatforms) = preSolution
		Ad-Hoc|Any CPU = Ad-Hoc|Any CPU
		Ad-Hoc|ARM = Ad-Hoc|ARM
		Ad-Hoc|iPhone = Ad-Hoc|iPhone
		Ad-Hoc|iPhoneSimulator = Ad-Hoc|iPhoneSimulator
		Ad-Hoc|x64 = Ad-Hoc|x64
		Ad-Hoc|x86 = Ad-Hoc|x86
		AppStore|Any CPU = AppStore|Any CPU
		AppStore|ARM = AppStore|ARM
		AppStore|iPhone = AppStore|iPhone
		AppStore|iPhoneSimulator = AppStore|iPhoneSimulator
		AppStore|x64 = AppStore|x64
		AppStore|x86 = AppStore|x86
		Debug|Any CPU = Debug|Any CPU
		Debug|ARM = Debug|ARM
		Debug|iPhone = Debug|iPhone
		Debug|iPhoneSimulator = Debug|iPhoneSimulator
		Debug|x64 = Debug|x64
		Debug|x86 = Debug|x86
		Release|Any CPU = Release|Any CPU
		Release|ARM = Release|ARM
		Release|iPhone = Release|iPhone
		Release|iPhoneSimulator = Release|iPhoneSimulator
		Release|x64 = Release|x64
		Release|x86 = Release|x86
	EndGlobalSection
	GlobalSection(ProjectConfigurationPlatforms) = postSolution
		{E8A97A17-7AF2-4DDC-AAC7-EFFACD38FF15}.Ad-Hoc|Any CPU.ActiveCfg = Release|Any CPU
		{E8A97A17-7AF2-4DDC-AAC7-EFFACD38FF15}.Ad-Hoc|Any CPU.Build.0 = Release|Any CPU
		{E8A97A17-7AF2-4DDC-AAC7-EFFACD38FF15}.Ad-Hoc|Any CPU.Deploy.0 = Release|Any CPU
		{E8A97A17-7AF2-4DDC-AAC7-EFFACD38FF15}.Ad-Hoc|ARM.ActiveCfg = Release|Any CPU
		{E8A97A17-7AF2-4DDC-AAC7-EFFACD38FF15}.Ad-Hoc|ARM.Build.0 = Release|Any CPU
		{E8A97A17-7AF2-4DDC-AAC7-EFFACD38FF15}.Ad-Hoc|ARM.Deploy.0 = Release|Any CPU
		{E8A97A17-7AF2-4DDC-AAC7-EFFACD38FF15}.Ad-Hoc|iPhone.ActiveCfg = Release|Any CPU
		{E8A97A17-7AF2-4DDC-AAC7-EFFACD38FF15}.Ad-Hoc|iPhone.Build.0 = Release|Any CPU
		{E8A97A17-7AF2-4DDC-AAC7-EFFACD38FF15}.Ad-Hoc|iPhone.Deploy.0 = Release|Any CPU
		{E8A97A17-7AF2-4DDC-AAC7-EFFACD38FF15}.Ad-Hoc|iPhoneSimulator.ActiveCfg = Release|Any CPU
		{E8A97A17-7AF2-4DDC-AAC7-EFFACD38FF15}.Ad-Hoc|iPhoneSimulator.Build.0 = Release|Any CPU
		{E8A97A17-7AF2-4DDC-AAC7-EFFACD38FF15}.Ad-Hoc|iPhoneSimulator.Deploy.0 = Release|Any CPU
		{E8A97A17-7AF2-4DDC-AAC7-EFFACD38FF15}.Ad-Hoc|x64.ActiveCfg = Release|Any CPU
		{E8A97A17-7AF2-4DDC-AAC7-EFFACD38FF15}.Ad-Hoc|x64.Build.0 = Release|Any CPU
		{E8A97A17-7AF2-4DDC-AAC7-EFFACD38FF15}.Ad-Hoc|x64.Deploy.0 = Release|Any CPU
		{E8A97A17-7AF2-4DDC-AAC7-EFFACD38FF15}.Ad-Hoc|x86.ActiveCfg = Release|Any CPU
		{E8A97A17-7AF2-4DDC-AAC7-EFFACD38FF15}.Ad-Hoc|x86.Build.0 = Release|Any CPU
		{E8A97A17-7AF2-4DDC-AAC7-EFFACD38FF15}.Ad-Hoc|x86.Deploy.0 = Release|Any CPU
		{E8A97A17-7AF2-4DDC-AAC7-EFFACD38FF15}.AppStore|Any CPU.ActiveCfg = Release|Any CPU
		{E8A97A17-7AF2-4DDC-AAC7-EFFACD38FF15}.AppStore|Any CPU.Build.0 = Release|Any CPU
		{E8A97A17-7AF2-4DDC-AAC7-EFFACD38FF15}.AppStore|Any CPU.Deploy.0 = Release|Any CPU
		{E8A97A17-7AF2-4DDC-AAC7-EFFACD38FF15}.AppStore|ARM.ActiveCfg = Release|Any CPU
		{E8A97A17-7AF2-4DDC-AAC7-EFFACD38FF15}.AppStore|ARM.Build.0 = Release|Any CPU
		{E8A97A17-7AF2-4DDC-AAC7-EFFACD38FF15}.AppStore|ARM.Deploy.0 = Release|Any CPU
		{E8A97A17-7AF2-4DDC-AAC7-EFFACD38FF15}.AppStore|iPhone.ActiveCfg = Release|Any CPU
		{E8A97A17-7AF2-4DDC-AAC7-EFFACD38FF15}.AppStore|iPhone.Build.0 = Release|Any CPU
		{E8A97A17-7AF2-4DDC-AAC7-EFFACD38FF15}.AppStore|iPhone.Deploy.0 = Release|Any CPU
		{E8A97A17-7AF2-4DDC-AAC7-EFFACD38FF15}.AppStore|iPhoneSimulator.ActiveCfg = Release|Any CPU
		{E8A97A17-7AF2-4DDC-AAC7-EFFACD38FF15}.AppStore|iPhoneSimulator.Build.0 = Release|Any CPU
		{E8A97A17-7AF2-4DDC-AAC7-EFFACD38FF15}.AppStore|iPhoneSimulator.Deploy.0 = Release|Any CPU
		{E8A97A17-7AF2-4DDC-AAC7-EFFACD38FF15}.AppStore|x64.ActiveCfg = Release|Any CPU
		{E8A97A17-7AF2-4DDC-AAC7-EFFACD38FF15}.AppStore|x64.Build.0 = Release|Any CPU
		{E8A97A17-7AF2-4DDC-AAC7-EFFACD38FF15}.AppStore|x64.Deploy.0 = Release|Any CPU
		{E8A97A17-7AF2-4DDC-AAC7-EFFACD38FF15}.AppStore|x86.ActiveCfg = Release|Any CPU
		{E8A97A17-7AF2-4DDC-AAC7-EFFACD38FF15}.AppStore|x86.Build.0 = Release|Any CPU
		{E8A97A17-7AF2-4DDC-AAC7-EFFACD38FF15}.AppStore|x86.Deploy.0 = Release|Any CPU
		{E8A97A17-7AF2-4DDC-AAC7-EFFACD38FF15}.Debug|Any CPU.ActiveCfg = Debug|Any CPU
		{E8A97A17-7AF2-4DDC-AAC7-EFFACD38FF15}.Debug|Any CPU.Build.0 = Debug|Any CPU
		{E8A97A17-7AF2-4DDC-AAC7-EFFACD38FF15}.Debug|Any CPU.Deploy.0 = Debug|Any CPU
		{E8A97A17-7AF2-4DDC-AAC7-EFFACD38FF15}.Debug|ARM.ActiveCfg = Debug|Any CPU
		{E8A97A17-7AF2-4DDC-AAC7-EFFACD38FF15}.Debug|ARM.Build.0 = Debug|Any CPU
		{E8A97A17-7AF2-4DDC-AAC7-EFFACD38FF15}.Debug|ARM.Deploy.0 = Debug|Any CPU
		{E8A97A17-7AF2-4DDC-AAC7-EFFACD38FF15}.Debug|iPhone.ActiveCfg = Debug|Any CPU
		{E8A97A17-7AF2-4DDC-AAC7-EFFACD38FF15}.Debug|iPhone.Build.0 = Debug|Any CPU
		{E8A97A17-7AF2-4DDC-AAC7-EFFACD38FF15}.Debug|iPhone.Deploy.0 = Debug|Any CPU
		{E8A97A17-7AF2-4DDC-AAC7-EFFACD38FF15}.Debug|iPhoneSimulator.ActiveCfg = Debug|Any CPU
		{E8A97A17-7AF2-4DDC-AAC7-EFFACD38FF15}.Debug|iPhoneSimulator.Build.0 = Debug|Any CPU
		{E8A97A17-7AF2-4DDC-AAC7-EFFACD38FF15}.Debug|iPhoneSimulator.Deploy.0 = Debug|Any CPU
		{E8A97A17-7AF2-4DDC-AAC7-EFFACD38FF15}.Debug|x64.ActiveCfg = Debug|Any CPU
		{E8A97A17-7AF2-4DDC-AAC7-EFFACD38FF15}.Debug|x64.Build.0 = Debug|Any CPU
		{E8A97A17-7AF2-4DDC-AAC7-EFFACD38FF15}.Debug|x64.Deploy.0 = Debug|Any CPU
		{E8A97A17-7AF2-4DDC-AAC7-EFFACD38FF15}.Debug|x86.ActiveCfg = Debug|Any CPU
		{E8A97A17-7AF2-4DDC-AAC7-EFFACD38FF15}.Debug|x86.Build.0 = Debug|Any CPU
		{E8A97A17-7AF2-4DDC-AAC7-EFFACD38FF15}.Debug|x86.Deploy.0 = Debug|Any CPU
		{E8A97A17-7AF2-4DDC-AAC7-EFFACD38FF15}.Release|Any CPU.ActiveCfg = Release|Any CPU
		{E8A97A17-7AF2-4DDC-AAC7-EFFACD38FF15}.Release|Any CPU.Build.0 = Release|Any CPU
		{E8A97A17-7AF2-4DDC-AAC7-EFFACD38FF15}.Release|Any CPU.Deploy.0 = Release|Any CPU
		{E8A97A17-7AF2-4DDC-AAC7-EFFACD38FF15}.Release|ARM.ActiveCfg = Release|Any CPU
		{E8A97A17-7AF2-4DDC-AAC7-EFFACD38FF15}.Release|ARM.Build.0 = Release|Any CPU
		{E8A97A17-7AF2-4DDC-AAC7-EFFACD38FF15}.Release|ARM.Deploy.0 = Release|Any CPU
		{E8A97A17-7AF2-4DDC-AAC7-EFFACD38FF15}.Release|iPhone.ActiveCfg = Release|Any CPU
		{E8A97A17-7AF2-4DDC-AAC7-EFFACD38FF15}.Release|iPhone.Build.0 = Release|Any CPU
		{E8A97A17-7AF2-4DDC-AAC7-EFFACD38FF15}.Release|iPhone.Deploy.0 = Release|Any CPU
		{E8A97A17-7AF2-4DDC-AAC7-EFFACD38FF15}.Release|iPhoneSimulator.ActiveCfg = Release|Any CPU
		{E8A97A17-7AF2-4DDC-AAC7-EFFACD38FF15}.Release|iPhoneSimulator.Build.0 = Release|Any CPU
		{E8A97A17-7AF2-4DDC-AAC7-EFFACD38FF15}.Release|iPhoneSimulator.Deploy.0 = Release|Any CPU
		{E8A97A17-7AF2-4DDC-AAC7-EFFACD38FF15}.Release|x64.ActiveCfg = Release|Any CPU
		{E8A97A17-7AF2-4DDC-AAC7-EFFACD38FF15}.Release|x64.Build.0 = Release|Any CPU
		{E8A97A17-7AF2-4DDC-AAC7-EFFACD38FF15}.Release|x64.Deploy.0 = Release|Any CPU
		{E8A97A17-7AF2-4DDC-AAC7-EFFACD38FF15}.Release|x86.ActiveCfg = Release|Any CPU
		{E8A97A17-7AF2-4DDC-AAC7-EFFACD38FF15}.Release|x86.Build.0 = Release|Any CPU
		{E8A97A17-7AF2-4DDC-AAC7-EFFACD38FF15}.Release|x86.Deploy.0 = Release|Any CPU
		{EC9BE3C6-F36B-4520-86D1-F695BFFBF56B}.Ad-Hoc|Any CPU.ActiveCfg = Ad-Hoc|iPhone
		{EC9BE3C6-F36B-4520-86D1-F695BFFBF56B}.Ad-Hoc|Any CPU.Build.0 = Ad-Hoc|iPhone
		{EC9BE3C6-F36B-4520-86D1-F695BFFBF56B}.Ad-Hoc|Any CPU.Deploy.0 = Ad-Hoc|iPhone
		{EC9BE3C6-F36B-4520-86D1-F695BFFBF56B}.Ad-Hoc|ARM.ActiveCfg = Ad-Hoc|iPhone
		{EC9BE3C6-F36B-4520-86D1-F695BFFBF56B}.Ad-Hoc|ARM.Build.0 = Ad-Hoc|iPhone
		{EC9BE3C6-F36B-4520-86D1-F695BFFBF56B}.Ad-Hoc|ARM.Deploy.0 = Ad-Hoc|iPhone
		{EC9BE3C6-F36B-4520-86D1-F695BFFBF56B}.Ad-Hoc|iPhone.ActiveCfg = Ad-Hoc|iPhone
		{EC9BE3C6-F36B-4520-86D1-F695BFFBF56B}.Ad-Hoc|iPhone.Build.0 = Ad-Hoc|iPhone
		{EC9BE3C6-F36B-4520-86D1-F695BFFBF56B}.Ad-Hoc|iPhone.Deploy.0 = Ad-Hoc|iPhone
		{EC9BE3C6-F36B-4520-86D1-F695BFFBF56B}.Ad-Hoc|iPhoneSimulator.ActiveCfg = Ad-Hoc|iPhoneSimulator
		{EC9BE3C6-F36B-4520-86D1-F695BFFBF56B}.Ad-Hoc|iPhoneSimulator.Build.0 = Ad-Hoc|iPhoneSimulator
		{EC9BE3C6-F36B-4520-86D1-F695BFFBF56B}.Ad-Hoc|iPhoneSimulator.Deploy.0 = Ad-Hoc|iPhoneSimulator
		{EC9BE3C6-F36B-4520-86D1-F695BFFBF56B}.Ad-Hoc|x64.ActiveCfg = Ad-Hoc|iPhone
		{EC9BE3C6-F36B-4520-86D1-F695BFFBF56B}.Ad-Hoc|x64.Build.0 = Ad-Hoc|iPhone
		{EC9BE3C6-F36B-4520-86D1-F695BFFBF56B}.Ad-Hoc|x64.Deploy.0 = Ad-Hoc|iPhone
		{EC9BE3C6-F36B-4520-86D1-F695BFFBF56B}.Ad-Hoc|x86.ActiveCfg = Ad-Hoc|iPhone
		{EC9BE3C6-F36B-4520-86D1-F695BFFBF56B}.Ad-Hoc|x86.Build.0 = Ad-Hoc|iPhone
		{EC9BE3C6-F36B-4520-86D1-F695BFFBF56B}.Ad-Hoc|x86.Deploy.0 = Ad-Hoc|iPhone
		{EC9BE3C6-F36B-4520-86D1-F695BFFBF56B}.AppStore|Any CPU.ActiveCfg = AppStore|iPhone
		{EC9BE3C6-F36B-4520-86D1-F695BFFBF56B}.AppStore|Any CPU.Build.0 = AppStore|iPhone
		{EC9BE3C6-F36B-4520-86D1-F695BFFBF56B}.AppStore|Any CPU.Deploy.0 = AppStore|iPhone
		{EC9BE3C6-F36B-4520-86D1-F695BFFBF56B}.AppStore|ARM.ActiveCfg = AppStore|iPhone
		{EC9BE3C6-F36B-4520-86D1-F695BFFBF56B}.AppStore|ARM.Build.0 = AppStore|iPhone
		{EC9BE3C6-F36B-4520-86D1-F695BFFBF56B}.AppStore|ARM.Deploy.0 = AppStore|iPhone
		{EC9BE3C6-F36B-4520-86D1-F695BFFBF56B}.AppStore|iPhone.ActiveCfg = AppStore|iPhone
		{EC9BE3C6-F36B-4520-86D1-F695BFFBF56B}.AppStore|iPhone.Build.0 = AppStore|iPhone
		{EC9BE3C6-F36B-4520-86D1-F695BFFBF56B}.AppStore|iPhone.Deploy.0 = AppStore|iPhone
		{EC9BE3C6-F36B-4520-86D1-F695BFFBF56B}.AppStore|iPhoneSimulator.ActiveCfg = AppStore|iPhoneSimulator
		{EC9BE3C6-F36B-4520-86D1-F695BFFBF56B}.AppStore|iPhoneSimulator.Build.0 = AppStore|iPhoneSimulator
		{EC9BE3C6-F36B-4520-86D1-F695BFFBF56B}.AppStore|iPhoneSimulator.Deploy.0 = AppStore|iPhoneSimulator
		{EC9BE3C6-F36B-4520-86D1-F695BFFBF56B}.AppStore|x64.ActiveCfg = AppStore|iPhone
		{EC9BE3C6-F36B-4520-86D1-F695BFFBF56B}.AppStore|x64.Build.0 = AppStore|iPhone
		{EC9BE3C6-F36B-4520-86D1-F695BFFBF56B}.AppStore|x64.Deploy.0 = AppStore|iPhone
		{EC9BE3C6-F36B-4520-86D1-F695BFFBF56B}.AppStore|x86.ActiveCfg = AppStore|iPhone
		{EC9BE3C6-F36B-4520-86D1-F695BFFBF56B}.AppStore|x86.Build.0 = AppStore|iPhone
		{EC9BE3C6-F36B-4520-86D1-F695BFFBF56B}.AppStore|x86.Deploy.0 = AppStore|iPhone
		{EC9BE3C6-F36B-4520-86D1-F695BFFBF56B}.Debug|Any CPU.ActiveCfg = Debug|iPhoneSimulator
		{EC9BE3C6-F36B-4520-86D1-F695BFFBF56B}.Debug|Any CPU.Build.0 = Debug|iPhoneSimulator
		{EC9BE3C6-F36B-4520-86D1-F695BFFBF56B}.Debug|Any CPU.Deploy.0 = Debug|iPhoneSimulator
		{EC9BE3C6-F36B-4520-86D1-F695BFFBF56B}.Debug|ARM.ActiveCfg = Debug|iPhone
		{EC9BE3C6-F36B-4520-86D1-F695BFFBF56B}.Debug|ARM.Build.0 = Debug|iPhone
		{EC9BE3C6-F36B-4520-86D1-F695BFFBF56B}.Debug|ARM.Deploy.0 = Debug|iPhone
		{EC9BE3C6-F36B-4520-86D1-F695BFFBF56B}.Debug|iPhone.ActiveCfg = Debug|iPhone
		{EC9BE3C6-F36B-4520-86D1-F695BFFBF56B}.Debug|iPhone.Build.0 = Debug|iPhone
		{EC9BE3C6-F36B-4520-86D1-F695BFFBF56B}.Debug|iPhone.Deploy.0 = Debug|iPhone
		{EC9BE3C6-F36B-4520-86D1-F695BFFBF56B}.Debug|iPhoneSimulator.ActiveCfg = Debug|iPhoneSimulator
		{EC9BE3C6-F36B-4520-86D1-F695BFFBF56B}.Debug|iPhoneSimulator.Build.0 = Debug|iPhoneSimulator
		{EC9BE3C6-F36B-4520-86D1-F695BFFBF56B}.Debug|iPhoneSimulator.Deploy.0 = Debug|iPhoneSimulator
		{EC9BE3C6-F36B-4520-86D1-F695BFFBF56B}.Debug|x64.ActiveCfg = Debug|iPhone
		{EC9BE3C6-F36B-4520-86D1-F695BFFBF56B}.Debug|x64.Build.0 = Debug|iPhone
		{EC9BE3C6-F36B-4520-86D1-F695BFFBF56B}.Debug|x64.Deploy.0 = Debug|iPhone
		{EC9BE3C6-F36B-4520-86D1-F695BFFBF56B}.Debug|x86.ActiveCfg = Debug|iPhone
		{EC9BE3C6-F36B-4520-86D1-F695BFFBF56B}.Debug|x86.Build.0 = Debug|iPhone
		{EC9BE3C6-F36B-4520-86D1-F695BFFBF56B}.Debug|x86.Deploy.0 = Debug|iPhone
		{EC9BE3C6-F36B-4520-86D1-F695BFFBF56B}.Release|Any CPU.ActiveCfg = Release|iPhone
		{EC9BE3C6-F36B-4520-86D1-F695BFFBF56B}.Release|Any CPU.Build.0 = Release|iPhone
		{EC9BE3C6-F36B-4520-86D1-F695BFFBF56B}.Release|Any CPU.Deploy.0 = Release|iPhone
		{EC9BE3C6-F36B-4520-86D1-F695BFFBF56B}.Release|ARM.ActiveCfg = Release|iPhone
		{EC9BE3C6-F36B-4520-86D1-F695BFFBF56B}.Release|ARM.Build.0 = Release|iPhone
		{EC9BE3C6-F36B-4520-86D1-F695BFFBF56B}.Release|ARM.Deploy.0 = Release|iPhone
		{EC9BE3C6-F36B-4520-86D1-F695BFFBF56B}.Release|iPhone.ActiveCfg = Release|iPhone
		{EC9BE3C6-F36B-4520-86D1-F695BFFBF56B}.Release|iPhone.Build.0 = Release|iPhone
		{EC9BE3C6-F36B-4520-86D1-F695BFFBF56B}.Release|iPhone.Deploy.0 = Release|iPhone
		{EC9BE3C6-F36B-4520-86D1-F695BFFBF56B}.Release|iPhoneSimulator.ActiveCfg = Release|iPhoneSimulator
		{EC9BE3C6-F36B-4520-86D1-F695BFFBF56B}.Release|iPhoneSimulator.Build.0 = Release|iPhoneSimulator
		{EC9BE3C6-F36B-4520-86D1-F695BFFBF56B}.Release|iPhoneSimulator.Deploy.0 = Release|iPhoneSimulator
		{EC9BE3C6-F36B-4520-86D1-F695BFFBF56B}.Release|x64.ActiveCfg = Release|iPhone
		{EC9BE3C6-F36B-4520-86D1-F695BFFBF56B}.Release|x64.Build.0 = Release|iPhone
		{EC9BE3C6-F36B-4520-86D1-F695BFFBF56B}.Release|x64.Deploy.0 = Release|iPhone
		{EC9BE3C6-F36B-4520-86D1-F695BFFBF56B}.Release|x86.ActiveCfg = Release|iPhone
		{EC9BE3C6-F36B-4520-86D1-F695BFFBF56B}.Release|x86.Build.0 = Release|iPhone
		{EC9BE3C6-F36B-4520-86D1-F695BFFBF56B}.Release|x86.Deploy.0 = Release|iPhone
		{8CD99BCB-2F6B-4B4A-953B-39DAA6658E49}.Ad-Hoc|Any CPU.ActiveCfg = Release|x86
		{8CD99BCB-2F6B-4B4A-953B-39DAA6658E49}.Ad-Hoc|Any CPU.Build.0 = Release|x86
		{8CD99BCB-2F6B-4B4A-953B-39DAA6658E49}.Ad-Hoc|Any CPU.Deploy.0 = Release|x86
		{8CD99BCB-2F6B-4B4A-953B-39DAA6658E49}.Ad-Hoc|ARM.ActiveCfg = Release|ARM
		{8CD99BCB-2F6B-4B4A-953B-39DAA6658E49}.Ad-Hoc|ARM.Build.0 = Release|ARM
		{8CD99BCB-2F6B-4B4A-953B-39DAA6658E49}.Ad-Hoc|ARM.Deploy.0 = Release|ARM
		{8CD99BCB-2F6B-4B4A-953B-39DAA6658E49}.Ad-Hoc|iPhone.ActiveCfg = Release|x86
		{8CD99BCB-2F6B-4B4A-953B-39DAA6658E49}.Ad-Hoc|iPhone.Build.0 = Release|x86
		{8CD99BCB-2F6B-4B4A-953B-39DAA6658E49}.Ad-Hoc|iPhone.Deploy.0 = Release|x86
		{8CD99BCB-2F6B-4B4A-953B-39DAA6658E49}.Ad-Hoc|iPhoneSimulator.ActiveCfg = Release|x86
		{8CD99BCB-2F6B-4B4A-953B-39DAA6658E49}.Ad-Hoc|iPhoneSimulator.Build.0 = Release|x86
		{8CD99BCB-2F6B-4B4A-953B-39DAA6658E49}.Ad-Hoc|iPhoneSimulator.Deploy.0 = Release|x86
		{8CD99BCB-2F6B-4B4A-953B-39DAA6658E49}.Ad-Hoc|x64.ActiveCfg = Release|x64
		{8CD99BCB-2F6B-4B4A-953B-39DAA6658E49}.Ad-Hoc|x64.Build.0 = Release|x64
		{8CD99BCB-2F6B-4B4A-953B-39DAA6658E49}.Ad-Hoc|x64.Deploy.0 = Release|x64
		{8CD99BCB-2F6B-4B4A-953B-39DAA6658E49}.Ad-Hoc|x86.ActiveCfg = Release|x86
		{8CD99BCB-2F6B-4B4A-953B-39DAA6658E49}.Ad-Hoc|x86.Build.0 = Release|x86
		{8CD99BCB-2F6B-4B4A-953B-39DAA6658E49}.Ad-Hoc|x86.Deploy.0 = Release|x86
		{8CD99BCB-2F6B-4B4A-953B-39DAA6658E49}.AppStore|Any CPU.ActiveCfg = Release|x86
		{8CD99BCB-2F6B-4B4A-953B-39DAA6658E49}.AppStore|Any CPU.Build.0 = Release|x86
		{8CD99BCB-2F6B-4B4A-953B-39DAA6658E49}.AppStore|Any CPU.Deploy.0 = Release|x86
		{8CD99BCB-2F6B-4B4A-953B-39DAA6658E49}.AppStore|ARM.ActiveCfg = Release|ARM
		{8CD99BCB-2F6B-4B4A-953B-39DAA6658E49}.AppStore|ARM.Build.0 = Release|ARM
		{8CD99BCB-2F6B-4B4A-953B-39DAA6658E49}.AppStore|ARM.Deploy.0 = Release|ARM
		{8CD99BCB-2F6B-4B4A-953B-39DAA6658E49}.AppStore|iPhone.ActiveCfg = Release|x86
		{8CD99BCB-2F6B-4B4A-953B-39DAA6658E49}.AppStore|iPhone.Build.0 = Release|x86
		{8CD99BCB-2F6B-4B4A-953B-39DAA6658E49}.AppStore|iPhone.Deploy.0 = Release|x86
		{8CD99BCB-2F6B-4B4A-953B-39DAA6658E49}.AppStore|iPhoneSimulator.ActiveCfg = Release|x86
		{8CD99BCB-2F6B-4B4A-953B-39DAA6658E49}.AppStore|iPhoneSimulator.Build.0 = Release|x86
		{8CD99BCB-2F6B-4B4A-953B-39DAA6658E49}.AppStore|iPhoneSimulator.Deploy.0 = Release|x86
		{8CD99BCB-2F6B-4B4A-953B-39DAA6658E49}.AppStore|x64.ActiveCfg = Release|x64
		{8CD99BCB-2F6B-4B4A-953B-39DAA6658E49}.AppStore|x64.Build.0 = Release|x64
		{8CD99BCB-2F6B-4B4A-953B-39DAA6658E49}.AppStore|x64.Deploy.0 = Release|x64
		{8CD99BCB-2F6B-4B4A-953B-39DAA6658E49}.AppStore|x86.ActiveCfg = Release|x86
		{8CD99BCB-2F6B-4B4A-953B-39DAA6658E49}.AppStore|x86.Build.0 = Release|x86
		{8CD99BCB-2F6B-4B4A-953B-39DAA6658E49}.AppStore|x86.Deploy.0 = Release|x86
		{8CD99BCB-2F6B-4B4A-953B-39DAA6658E49}.Debug|Any CPU.ActiveCfg = Debug|x86
		{8CD99BCB-2F6B-4B4A-953B-39DAA6658E49}.Debug|Any CPU.Build.0 = Debug|x86
		{8CD99BCB-2F6B-4B4A-953B-39DAA6658E49}.Debug|Any CPU.Deploy.0 = Debug|x86
		{8CD99BCB-2F6B-4B4A-953B-39DAA6658E49}.Debug|ARM.ActiveCfg = Debug|ARM
		{8CD99BCB-2F6B-4B4A-953B-39DAA6658E49}.Debug|ARM.Build.0 = Debug|ARM
		{8CD99BCB-2F6B-4B4A-953B-39DAA6658E49}.Debug|ARM.Deploy.0 = Debug|ARM
		{8CD99BCB-2F6B-4B4A-953B-39DAA6658E49}.Debug|iPhone.ActiveCfg = Debug|x86
		{8CD99BCB-2F6B-4B4A-953B-39DAA6658E49}.Debug|iPhone.Build.0 = Debug|x86
		{8CD99BCB-2F6B-4B4A-953B-39DAA6658E49}.Debug|iPhone.Deploy.0 = Debug|x86
		{8CD99BCB-2F6B-4B4A-953B-39DAA6658E49}.Debug|iPhoneSimulator.ActiveCfg = Debug|x86
		{8CD99BCB-2F6B-4B4A-953B-39DAA6658E49}.Debug|iPhoneSimulator.Build.0 = Debug|x86
		{8CD99BCB-2F6B-4B4A-953B-39DAA6658E49}.Debug|iPhoneSimulator.Deploy.0 = Debug|x86
		{8CD99BCB-2F6B-4B4A-953B-39DAA6658E49}.Debug|x64.ActiveCfg = Debug|x64
		{8CD99BCB-2F6B-4B4A-953B-39DAA6658E49}.Debug|x64.Build.0 = Debug|x64
		{8CD99BCB-2F6B-4B4A-953B-39DAA6658E49}.Debug|x64.Deploy.0 = Debug|x64
		{8CD99BCB-2F6B-4B4A-953B-39DAA6658E49}.Debug|x86.ActiveCfg = Debug|x86
		{8CD99BCB-2F6B-4B4A-953B-39DAA6658E49}.Debug|x86.Build.0 = Debug|x86
		{8CD99BCB-2F6B-4B4A-953B-39DAA6658E49}.Debug|x86.Deploy.0 = Debug|x86
		{8CD99BCB-2F6B-4B4A-953B-39DAA6658E49}.Release|Any CPU.ActiveCfg = Release|x86
		{8CD99BCB-2F6B-4B4A-953B-39DAA6658E49}.Release|Any CPU.Build.0 = Release|x86
		{8CD99BCB-2F6B-4B4A-953B-39DAA6658E49}.Release|Any CPU.Deploy.0 = Release|x86
		{8CD99BCB-2F6B-4B4A-953B-39DAA6658E49}.Release|ARM.ActiveCfg = Release|ARM
		{8CD99BCB-2F6B-4B4A-953B-39DAA6658E49}.Release|ARM.Build.0 = Release|ARM
		{8CD99BCB-2F6B-4B4A-953B-39DAA6658E49}.Release|ARM.Deploy.0 = Release|ARM
		{8CD99BCB-2F6B-4B4A-953B-39DAA6658E49}.Release|iPhone.ActiveCfg = Release|x86
		{8CD99BCB-2F6B-4B4A-953B-39DAA6658E49}.Release|iPhone.Build.0 = Release|x86
		{8CD99BCB-2F6B-4B4A-953B-39DAA6658E49}.Release|iPhone.Deploy.0 = Release|x86
		{8CD99BCB-2F6B-4B4A-953B-39DAA6658E49}.Release|iPhoneSimulator.ActiveCfg = Release|x86
		{8CD99BCB-2F6B-4B4A-953B-39DAA6658E49}.Release|iPhoneSimulator.Build.0 = Release|x86
		{8CD99BCB-2F6B-4B4A-953B-39DAA6658E49}.Release|iPhoneSimulator.Deploy.0 = Release|x86
		{8CD99BCB-2F6B-4B4A-953B-39DAA6658E49}.Release|x64.ActiveCfg = Release|x64
		{8CD99BCB-2F6B-4B4A-953B-39DAA6658E49}.Release|x64.Build.0 = Release|x64
		{8CD99BCB-2F6B-4B4A-953B-39DAA6658E49}.Release|x64.Deploy.0 = Release|x64
		{8CD99BCB-2F6B-4B4A-953B-39DAA6658E49}.Release|x86.ActiveCfg = Release|x86
		{8CD99BCB-2F6B-4B4A-953B-39DAA6658E49}.Release|x86.Build.0 = Release|x86
		{8CD99BCB-2F6B-4B4A-953B-39DAA6658E49}.Release|x86.Deploy.0 = Release|x86
		{36F61452-8677-4268-A3AF-C7615C5C046C}.Ad-Hoc|Any CPU.ActiveCfg = Debug|Any CPU
		{36F61452-8677-4268-A3AF-C7615C5C046C}.Ad-Hoc|Any CPU.Build.0 = Debug|Any CPU
		{36F61452-8677-4268-A3AF-C7615C5C046C}.Ad-Hoc|Any CPU.Deploy.0 = Debug|Any CPU
		{36F61452-8677-4268-A3AF-C7615C5C046C}.Ad-Hoc|ARM.ActiveCfg = Debug|Any CPU
		{36F61452-8677-4268-A3AF-C7615C5C046C}.Ad-Hoc|ARM.Build.0 = Debug|Any CPU
		{36F61452-8677-4268-A3AF-C7615C5C046C}.Ad-Hoc|ARM.Deploy.0 = Debug|Any CPU
		{36F61452-8677-4268-A3AF-C7615C5C046C}.Ad-Hoc|iPhone.ActiveCfg = Debug|Any CPU
		{36F61452-8677-4268-A3AF-C7615C5C046C}.Ad-Hoc|iPhone.Build.0 = Debug|Any CPU
		{36F61452-8677-4268-A3AF-C7615C5C046C}.Ad-Hoc|iPhone.Deploy.0 = Debug|Any CPU
		{36F61452-8677-4268-A3AF-C7615C5C046C}.Ad-Hoc|iPhoneSimulator.ActiveCfg = Debug|Any CPU
		{36F61452-8677-4268-A3AF-C7615C5C046C}.Ad-Hoc|iPhoneSimulator.Build.0 = Debug|Any CPU
		{36F61452-8677-4268-A3AF-C7615C5C046C}.Ad-Hoc|iPhoneSimulator.Deploy.0 = Debug|Any CPU
		{36F61452-8677-4268-A3AF-C7615C5C046C}.Ad-Hoc|x64.ActiveCfg = Debug|Any CPU
		{36F61452-8677-4268-A3AF-C7615C5C046C}.Ad-Hoc|x64.Build.0 = Debug|Any CPU
		{36F61452-8677-4268-A3AF-C7615C5C046C}.Ad-Hoc|x64.Deploy.0 = Debug|Any CPU
		{36F61452-8677-4268-A3AF-C7615C5C046C}.Ad-Hoc|x86.ActiveCfg = Debug|Any CPU
		{36F61452-8677-4268-A3AF-C7615C5C046C}.Ad-Hoc|x86.Build.0 = Debug|Any CPU
		{36F61452-8677-4268-A3AF-C7615C5C046C}.Ad-Hoc|x86.Deploy.0 = Debug|Any CPU
		{36F61452-8677-4268-A3AF-C7615C5C046C}.AppStore|Any CPU.ActiveCfg = Debug|Any CPU
		{36F61452-8677-4268-A3AF-C7615C5C046C}.AppStore|Any CPU.Build.0 = Debug|Any CPU
		{36F61452-8677-4268-A3AF-C7615C5C046C}.AppStore|Any CPU.Deploy.0 = Debug|Any CPU
		{36F61452-8677-4268-A3AF-C7615C5C046C}.AppStore|ARM.ActiveCfg = Debug|Any CPU
		{36F61452-8677-4268-A3AF-C7615C5C046C}.AppStore|ARM.Build.0 = Debug|Any CPU
		{36F61452-8677-4268-A3AF-C7615C5C046C}.AppStore|ARM.Deploy.0 = Debug|Any CPU
		{36F61452-8677-4268-A3AF-C7615C5C046C}.AppStore|iPhone.ActiveCfg = Debug|Any CPU
		{36F61452-8677-4268-A3AF-C7615C5C046C}.AppStore|iPhone.Build.0 = Debug|Any CPU
		{36F61452-8677-4268-A3AF-C7615C5C046C}.AppStore|iPhone.Deploy.0 = Debug|Any CPU
		{36F61452-8677-4268-A3AF-C7615C5C046C}.AppStore|iPhoneSimulator.ActiveCfg = Debug|Any CPU
		{36F61452-8677-4268-A3AF-C7615C5C046C}.AppStore|iPhoneSimulator.Build.0 = Debug|Any CPU
		{36F61452-8677-4268-A3AF-C7615C5C046C}.AppStore|iPhoneSimulator.Deploy.0 = Debug|Any CPU
		{36F61452-8677-4268-A3AF-C7615C5C046C}.AppStore|x64.ActiveCfg = Debug|Any CPU
		{36F61452-8677-4268-A3AF-C7615C5C046C}.AppStore|x64.Build.0 = Debug|Any CPU
		{36F61452-8677-4268-A3AF-C7615C5C046C}.AppStore|x64.Deploy.0 = Debug|Any CPU
		{36F61452-8677-4268-A3AF-C7615C5C046C}.AppStore|x86.ActiveCfg = Debug|Any CPU
		{36F61452-8677-4268-A3AF-C7615C5C046C}.AppStore|x86.Build.0 = Debug|Any CPU
		{36F61452-8677-4268-A3AF-C7615C5C046C}.AppStore|x86.Deploy.0 = Debug|Any CPU
		{36F61452-8677-4268-A3AF-C7615C5C046C}.Debug|Any CPU.ActiveCfg = Debug|Any CPU
		{36F61452-8677-4268-A3AF-C7615C5C046C}.Debug|Any CPU.Build.0 = Debug|Any CPU
		{36F61452-8677-4268-A3AF-C7615C5C046C}.Debug|Any CPU.Deploy.0 = Debug|Any CPU
		{36F61452-8677-4268-A3AF-C7615C5C046C}.Debug|ARM.ActiveCfg = Debug|Any CPU
		{36F61452-8677-4268-A3AF-C7615C5C046C}.Debug|ARM.Build.0 = Debug|Any CPU
		{36F61452-8677-4268-A3AF-C7615C5C046C}.Debug|ARM.Deploy.0 = Debug|Any CPU
		{36F61452-8677-4268-A3AF-C7615C5C046C}.Debug|iPhone.ActiveCfg = Debug|Any CPU
		{36F61452-8677-4268-A3AF-C7615C5C046C}.Debug|iPhone.Build.0 = Debug|Any CPU
		{36F61452-8677-4268-A3AF-C7615C5C046C}.Debug|iPhone.Deploy.0 = Debug|Any CPU
		{36F61452-8677-4268-A3AF-C7615C5C046C}.Debug|iPhoneSimulator.ActiveCfg = Debug|Any CPU
		{36F61452-8677-4268-A3AF-C7615C5C046C}.Debug|iPhoneSimulator.Build.0 = Debug|Any CPU
		{36F61452-8677-4268-A3AF-C7615C5C046C}.Debug|iPhoneSimulator.Deploy.0 = Debug|Any CPU
		{36F61452-8677-4268-A3AF-C7615C5C046C}.Debug|x64.ActiveCfg = Debug|Any CPU
		{36F61452-8677-4268-A3AF-C7615C5C046C}.Debug|x64.Build.0 = Debug|Any CPU
		{36F61452-8677-4268-A3AF-C7615C5C046C}.Debug|x64.Deploy.0 = Debug|Any CPU
		{36F61452-8677-4268-A3AF-C7615C5C046C}.Debug|x86.ActiveCfg = Debug|Any CPU
		{36F61452-8677-4268-A3AF-C7615C5C046C}.Debug|x86.Build.0 = Debug|Any CPU
		{36F61452-8677-4268-A3AF-C7615C5C046C}.Debug|x86.Deploy.0 = Debug|Any CPU
		{36F61452-8677-4268-A3AF-C7615C5C046C}.Release|Any CPU.ActiveCfg = Release|Any CPU
		{36F61452-8677-4268-A3AF-C7615C5C046C}.Release|Any CPU.Build.0 = Release|Any CPU
		{36F61452-8677-4268-A3AF-C7615C5C046C}.Release|Any CPU.Deploy.0 = Release|Any CPU
		{36F61452-8677-4268-A3AF-C7615C5C046C}.Release|ARM.ActiveCfg = Release|Any CPU
		{36F61452-8677-4268-A3AF-C7615C5C046C}.Release|ARM.Build.0 = Release|Any CPU
		{36F61452-8677-4268-A3AF-C7615C5C046C}.Release|ARM.Deploy.0 = Release|Any CPU
		{36F61452-8677-4268-A3AF-C7615C5C046C}.Release|iPhone.ActiveCfg = Release|Any CPU
		{36F61452-8677-4268-A3AF-C7615C5C046C}.Release|iPhone.Build.0 = Release|Any CPU
		{36F61452-8677-4268-A3AF-C7615C5C046C}.Release|iPhone.Deploy.0 = Release|Any CPU
		{36F61452-8677-4268-A3AF-C7615C5C046C}.Release|iPhoneSimulator.ActiveCfg = Release|Any CPU
		{36F61452-8677-4268-A3AF-C7615C5C046C}.Release|iPhoneSimulator.Build.0 = Release|Any CPU
		{36F61452-8677-4268-A3AF-C7615C5C046C}.Release|iPhoneSimulator.Deploy.0 = Release|Any CPU
		{36F61452-8677-4268-A3AF-C7615C5C046C}.Release|x64.ActiveCfg = Release|Any CPU
		{36F61452-8677-4268-A3AF-C7615C5C046C}.Release|x64.Build.0 = Release|Any CPU
		{36F61452-8677-4268-A3AF-C7615C5C046C}.Release|x64.Deploy.0 = Release|Any CPU
		{36F61452-8677-4268-A3AF-C7615C5C046C}.Release|x86.ActiveCfg = Release|Any CPU
		{36F61452-8677-4268-A3AF-C7615C5C046C}.Release|x86.Build.0 = Release|Any CPU
		{36F61452-8677-4268-A3AF-C7615C5C046C}.Release|x86.Deploy.0 = Release|Any CPU
		{B3F95354-FE29-433D-9F4C-E879AF21B21E}.Ad-Hoc|Any CPU.ActiveCfg = Release|Any CPU
		{B3F95354-FE29-433D-9F4C-E879AF21B21E}.Ad-Hoc|Any CPU.Build.0 = Release|Any CPU
		{B3F95354-FE29-433D-9F4C-E879AF21B21E}.Ad-Hoc|ARM.ActiveCfg = Release|Any CPU
		{B3F95354-FE29-433D-9F4C-E879AF21B21E}.Ad-Hoc|ARM.Build.0 = Release|Any CPU
		{B3F95354-FE29-433D-9F4C-E879AF21B21E}.Ad-Hoc|iPhone.ActiveCfg = Release|Any CPU
		{B3F95354-FE29-433D-9F4C-E879AF21B21E}.Ad-Hoc|iPhone.Build.0 = Release|Any CPU
		{B3F95354-FE29-433D-9F4C-E879AF21B21E}.Ad-Hoc|iPhoneSimulator.ActiveCfg = Release|Any CPU
		{B3F95354-FE29-433D-9F4C-E879AF21B21E}.Ad-Hoc|iPhoneSimulator.Build.0 = Release|Any CPU
		{B3F95354-FE29-433D-9F4C-E879AF21B21E}.Ad-Hoc|x64.ActiveCfg = Release|Any CPU
		{B3F95354-FE29-433D-9F4C-E879AF21B21E}.Ad-Hoc|x64.Build.0 = Release|Any CPU
		{B3F95354-FE29-433D-9F4C-E879AF21B21E}.Ad-Hoc|x86.ActiveCfg = Release|Any CPU
		{B3F95354-FE29-433D-9F4C-E879AF21B21E}.Ad-Hoc|x86.Build.0 = Release|Any CPU
		{B3F95354-FE29-433D-9F4C-E879AF21B21E}.AppStore|Any CPU.ActiveCfg = Release|Any CPU
		{B3F95354-FE29-433D-9F4C-E879AF21B21E}.AppStore|Any CPU.Build.0 = Release|Any CPU
		{B3F95354-FE29-433D-9F4C-E879AF21B21E}.AppStore|ARM.ActiveCfg = Release|Any CPU
		{B3F95354-FE29-433D-9F4C-E879AF21B21E}.AppStore|ARM.Build.0 = Release|Any CPU
		{B3F95354-FE29-433D-9F4C-E879AF21B21E}.AppStore|iPhone.ActiveCfg = Release|Any CPU
		{B3F95354-FE29-433D-9F4C-E879AF21B21E}.AppStore|iPhone.Build.0 = Release|Any CPU
		{B3F95354-FE29-433D-9F4C-E879AF21B21E}.AppStore|iPhoneSimulator.ActiveCfg = Release|Any CPU
		{B3F95354-FE29-433D-9F4C-E879AF21B21E}.AppStore|iPhoneSimulator.Build.0 = Release|Any CPU
		{B3F95354-FE29-433D-9F4C-E879AF21B21E}.AppStore|x64.ActiveCfg = Release|Any CPU
		{B3F95354-FE29-433D-9F4C-E879AF21B21E}.AppStore|x64.Build.0 = Release|Any CPU
		{B3F95354-FE29-433D-9F4C-E879AF21B21E}.AppStore|x86.ActiveCfg = Release|Any CPU
		{B3F95354-FE29-433D-9F4C-E879AF21B21E}.AppStore|x86.Build.0 = Release|Any CPU
		{B3F95354-FE29-433D-9F4C-E879AF21B21E}.Debug|Any CPU.ActiveCfg = Debug|Any CPU
		{B3F95354-FE29-433D-9F4C-E879AF21B21E}.Debug|Any CPU.Build.0 = Debug|Any CPU
		{B3F95354-FE29-433D-9F4C-E879AF21B21E}.Debug|ARM.ActiveCfg = Debug|Any CPU
		{B3F95354-FE29-433D-9F4C-E879AF21B21E}.Debug|ARM.Build.0 = Debug|Any CPU
		{B3F95354-FE29-433D-9F4C-E879AF21B21E}.Debug|iPhone.ActiveCfg = Debug|Any CPU
		{B3F95354-FE29-433D-9F4C-E879AF21B21E}.Debug|iPhone.Build.0 = Debug|Any CPU
		{B3F95354-FE29-433D-9F4C-E879AF21B21E}.Debug|iPhoneSimulator.ActiveCfg = Debug|Any CPU
		{B3F95354-FE29-433D-9F4C-E879AF21B21E}.Debug|iPhoneSimulator.Build.0 = Debug|Any CPU
		{B3F95354-FE29-433D-9F4C-E879AF21B21E}.Debug|x64.ActiveCfg = Debug|Any CPU
		{B3F95354-FE29-433D-9F4C-E879AF21B21E}.Debug|x64.Build.0 = Debug|Any CPU
		{B3F95354-FE29-433D-9F4C-E879AF21B21E}.Debug|x86.ActiveCfg = Debug|Any CPU
		{B3F95354-FE29-433D-9F4C-E879AF21B21E}.Debug|x86.Build.0 = Debug|Any CPU
		{B3F95354-FE29-433D-9F4C-E879AF21B21E}.Release|Any CPU.ActiveCfg = Release|Any CPU
		{B3F95354-FE29-433D-9F4C-E879AF21B21E}.Release|Any CPU.Build.0 = Release|Any CPU
		{B3F95354-FE29-433D-9F4C-E879AF21B21E}.Release|ARM.ActiveCfg = Release|Any CPU
		{B3F95354-FE29-433D-9F4C-E879AF21B21E}.Release|ARM.Build.0 = Release|Any CPU
		{B3F95354-FE29-433D-9F4C-E879AF21B21E}.Release|iPhone.ActiveCfg = Release|Any CPU
		{B3F95354-FE29-433D-9F4C-E879AF21B21E}.Release|iPhone.Build.0 = Release|Any CPU
		{B3F95354-FE29-433D-9F4C-E879AF21B21E}.Release|iPhoneSimulator.ActiveCfg = Release|Any CPU
		{B3F95354-FE29-433D-9F4C-E879AF21B21E}.Release|iPhoneSimulator.Build.0 = Release|Any CPU
		{B3F95354-FE29-433D-9F4C-E879AF21B21E}.Release|x64.ActiveCfg = Release|Any CPU
		{B3F95354-FE29-433D-9F4C-E879AF21B21E}.Release|x64.Build.0 = Release|Any CPU
		{B3F95354-FE29-433D-9F4C-E879AF21B21E}.Release|x86.ActiveCfg = Release|Any CPU
		{B3F95354-FE29-433D-9F4C-E879AF21B21E}.Release|x86.Build.0 = Release|Any CPU
		{D869513F-1875-43C5-B20B-EEC056D1D339}.Ad-Hoc|Any CPU.ActiveCfg = Release|Any CPU
		{D869513F-1875-43C5-B20B-EEC056D1D339}.Ad-Hoc|Any CPU.Build.0 = Release|Any CPU
		{D869513F-1875-43C5-B20B-EEC056D1D339}.Ad-Hoc|ARM.ActiveCfg = Release|Any CPU
		{D869513F-1875-43C5-B20B-EEC056D1D339}.Ad-Hoc|ARM.Build.0 = Release|Any CPU
		{D869513F-1875-43C5-B20B-EEC056D1D339}.Ad-Hoc|iPhone.ActiveCfg = Release|Any CPU
		{D869513F-1875-43C5-B20B-EEC056D1D339}.Ad-Hoc|iPhone.Build.0 = Release|Any CPU
		{D869513F-1875-43C5-B20B-EEC056D1D339}.Ad-Hoc|iPhoneSimulator.ActiveCfg = Release|Any CPU
		{D869513F-1875-43C5-B20B-EEC056D1D339}.Ad-Hoc|iPhoneSimulator.Build.0 = Release|Any CPU
		{D869513F-1875-43C5-B20B-EEC056D1D339}.Ad-Hoc|x64.ActiveCfg = Release|Any CPU
		{D869513F-1875-43C5-B20B-EEC056D1D339}.Ad-Hoc|x64.Build.0 = Release|Any CPU
		{D869513F-1875-43C5-B20B-EEC056D1D339}.Ad-Hoc|x86.ActiveCfg = Release|Any CPU
		{D869513F-1875-43C5-B20B-EEC056D1D339}.Ad-Hoc|x86.Build.0 = Release|Any CPU
		{D869513F-1875-43C5-B20B-EEC056D1D339}.AppStore|Any CPU.ActiveCfg = Release|Any CPU
		{D869513F-1875-43C5-B20B-EEC056D1D339}.AppStore|Any CPU.Build.0 = Release|Any CPU
		{D869513F-1875-43C5-B20B-EEC056D1D339}.AppStore|ARM.ActiveCfg = Release|Any CPU
		{D869513F-1875-43C5-B20B-EEC056D1D339}.AppStore|ARM.Build.0 = Release|Any CPU
		{D869513F-1875-43C5-B20B-EEC056D1D339}.AppStore|iPhone.ActiveCfg = Release|Any CPU
		{D869513F-1875-43C5-B20B-EEC056D1D339}.AppStore|iPhone.Build.0 = Release|Any CPU
		{D869513F-1875-43C5-B20B-EEC056D1D339}.AppStore|iPhoneSimulator.ActiveCfg = Release|Any CPU
		{D869513F-1875-43C5-B20B-EEC056D1D339}.AppStore|iPhoneSimulator.Build.0 = Release|Any CPU
		{D869513F-1875-43C5-B20B-EEC056D1D339}.AppStore|x64.ActiveCfg = Release|Any CPU
		{D869513F-1875-43C5-B20B-EEC056D1D339}.AppStore|x64.Build.0 = Release|Any CPU
		{D869513F-1875-43C5-B20B-EEC056D1D339}.AppStore|x86.ActiveCfg = Release|Any CPU
		{D869513F-1875-43C5-B20B-EEC056D1D339}.AppStore|x86.Build.0 = Release|Any CPU
		{D869513F-1875-43C5-B20B-EEC056D1D339}.Debug|Any CPU.ActiveCfg = Debug|Any CPU
		{D869513F-1875-43C5-B20B-EEC056D1D339}.Debug|Any CPU.Build.0 = Debug|Any CPU
		{D869513F-1875-43C5-B20B-EEC056D1D339}.Debug|ARM.ActiveCfg = Debug|Any CPU
		{D869513F-1875-43C5-B20B-EEC056D1D339}.Debug|ARM.Build.0 = Debug|Any CPU
		{D869513F-1875-43C5-B20B-EEC056D1D339}.Debug|iPhone.ActiveCfg = Debug|Any CPU
		{D869513F-1875-43C5-B20B-EEC056D1D339}.Debug|iPhone.Build.0 = Debug|Any CPU
		{D869513F-1875-43C5-B20B-EEC056D1D339}.Debug|iPhoneSimulator.ActiveCfg = Debug|Any CPU
		{D869513F-1875-43C5-B20B-EEC056D1D339}.Debug|iPhoneSimulator.Build.0 = Debug|Any CPU
		{D869513F-1875-43C5-B20B-EEC056D1D339}.Debug|x64.ActiveCfg = Debug|Any CPU
		{D869513F-1875-43C5-B20B-EEC056D1D339}.Debug|x64.Build.0 = Debug|Any CPU
		{D869513F-1875-43C5-B20B-EEC056D1D339}.Debug|x86.ActiveCfg = Debug|Any CPU
		{D869513F-1875-43C5-B20B-EEC056D1D339}.Debug|x86.Build.0 = Debug|Any CPU
		{D869513F-1875-43C5-B20B-EEC056D1D339}.Release|Any CPU.ActiveCfg = Release|Any CPU
		{D869513F-1875-43C5-B20B-EEC056D1D339}.Release|Any CPU.Build.0 = Release|Any CPU
		{D869513F-1875-43C5-B20B-EEC056D1D339}.Release|ARM.ActiveCfg = Release|Any CPU
		{D869513F-1875-43C5-B20B-EEC056D1D339}.Release|ARM.Build.0 = Release|Any CPU
		{D869513F-1875-43C5-B20B-EEC056D1D339}.Release|iPhone.ActiveCfg = Release|Any CPU
		{D869513F-1875-43C5-B20B-EEC056D1D339}.Release|iPhone.Build.0 = Release|Any CPU
		{D869513F-1875-43C5-B20B-EEC056D1D339}.Release|iPhoneSimulator.ActiveCfg = Release|Any CPU
		{D869513F-1875-43C5-B20B-EEC056D1D339}.Release|iPhoneSimulator.Build.0 = Release|Any CPU
		{D869513F-1875-43C5-B20B-EEC056D1D339}.Release|x64.ActiveCfg = Release|Any CPU
		{D869513F-1875-43C5-B20B-EEC056D1D339}.Release|x64.Build.0 = Release|Any CPU
		{D869513F-1875-43C5-B20B-EEC056D1D339}.Release|x86.ActiveCfg = Release|Any CPU
		{D869513F-1875-43C5-B20B-EEC056D1D339}.Release|x86.Build.0 = Release|Any CPU
	EndGlobalSection
	GlobalSection(SolutionProperties) = preSolution
		HideSolutionNode = FALSE
	EndGlobalSection
	GlobalSection(ExtensibilityGlobals) = postSolution
		SolutionGuid = {8AD534EC-BCD9-4C54-BB4A-64EEF3346AF5}
	EndGlobalSection
EndGlobal
