
Microsoft Visual Studio Solution File, Format Version 12.00
# Visual Studio 2013
VisualStudioVersion = 12.0.31101.0
MinimumVisualStudioVersion = 10.0.40219.1
Project("{FAE04EC0-301F-11D3-BF4B-00C04F79EFBC}") = "GestureSample", "GestureSample\GestureSample\GestureSample.csproj", "{8FE255F1-6173-4A89-93FB-429EB8FB3DBD}"
EndProject
Project("{FAE04EC0-301F-11D3-BF4B-00C04F79EFBC}") = "GestureSample.iOS", "GestureSample\GestureSample.iOS\GestureSample.iOS.csproj", "{1DACE8D4-033D-4500-8825-09F203DBA8D6}"
EndProject
Project("{FAE04EC0-301F-11D3-BF4B-00C04F79EFBC}") = "GestureSample.Droid", "GestureSample\GestureSample.Droid\GestureSample.Droid.csproj", "{6EC1A2F9-5049-4EB5-A9F0-1CC60D6BCF64}"
EndProject
Project("{FAE04EC0-301F-11D3-BF4B-00C04F79EFBC}") = "GestureSample.WinPhone", "GestureSample\GestureSample.WinPhone\GestureSample.WinPhone.csproj", "{4D79CEC6-0D18-4A26-B3B2-C1B80CC6B737}"
EndProject
Project("{FAE04EC0-301F-11D3-BF4B-00C04F79EFBC}") = "GestureSample.WinPhone81", "GestureSample\GestureSample.WinPhone81\GestureSample.WinPhone81.csproj", "{0BF2058C-CE9B-4AA8-809C-E11879290BFD}"
EndProject
Project("{FAE04EC0-301F-11D3-BF4B-00C04F79EFBC}") = "GestureSample.WinStore", "GestureSample\GestureSample.WinStore\GestureSample.WinStore.csproj", "{B5FFA7F1-BFC2-411E-A4EA-55F0100E7B92}"
EndProject
Global
	GlobalSection(SolutionConfigurationPlatforms) = preSolution
		Ad-Hoc|Any CPU = Ad-Hoc|Any CPU
		Ad-Hoc|ARM = Ad-Hoc|ARM
		Ad-Hoc|iPhone = Ad-Hoc|iPhone
		Ad-Hoc|iPhoneSimulator = Ad-Hoc|iPhoneSimulator
		Ad-Hoc|Mixed Platforms = Ad-Hoc|Mixed Platforms
		Ad-Hoc|x64 = Ad-Hoc|x64
		Ad-Hoc|x86 = Ad-Hoc|x86
		AppStore|Any CPU = AppStore|Any CPU
		AppStore|ARM = AppStore|ARM
		AppStore|iPhone = AppStore|iPhone
		AppStore|iPhoneSimulator = AppStore|iPhoneSimulator
		AppStore|Mixed Platforms = AppStore|Mixed Platforms
		AppStore|x64 = AppStore|x64
		AppStore|x86 = AppStore|x86
		Debug|Any CPU = Debug|Any CPU
		Debug|ARM = Debug|ARM
		Debug|iPhone = Debug|iPhone
		Debug|iPhoneSimulator = Debug|iPhoneSimulator
		Debug|Mixed Platforms = Debug|Mixed Platforms
		Debug|x64 = Debug|x64
		Debug|x86 = Debug|x86
		Release|Any CPU = Release|Any CPU
		Release|ARM = Release|ARM
		Release|iPhone = Release|iPhone
		Release|iPhoneSimulator = Release|iPhoneSimulator
		Release|Mixed Platforms = Release|Mixed Platforms
		Release|x64 = Release|x64
		Release|x86 = Release|x86
	EndGlobalSection
	GlobalSection(ProjectConfigurationPlatforms) = postSolution
		{8FE255F1-6173-4A89-93FB-429EB8FB3DBD}.Ad-Hoc|Any CPU.ActiveCfg = Release|Any CPU
		{8FE255F1-6173-4A89-93FB-429EB8FB3DBD}.Ad-Hoc|Any CPU.Build.0 = Release|Any CPU
		{8FE255F1-6173-4A89-93FB-429EB8FB3DBD}.Ad-Hoc|ARM.ActiveCfg = Release|Any CPU
		{8FE255F1-6173-4A89-93FB-429EB8FB3DBD}.Ad-Hoc|iPhone.ActiveCfg = Release|Any CPU
		{8FE255F1-6173-4A89-93FB-429EB8FB3DBD}.Ad-Hoc|iPhoneSimulator.ActiveCfg = Release|Any CPU
		{8FE255F1-6173-4A89-93FB-429EB8FB3DBD}.Ad-Hoc|Mixed Platforms.ActiveCfg = Release|Any CPU
		{8FE255F1-6173-4A89-93FB-429EB8FB3DBD}.Ad-Hoc|Mixed Platforms.Build.0 = Release|Any CPU
		{8FE255F1-6173-4A89-93FB-429EB8FB3DBD}.Ad-Hoc|x64.ActiveCfg = Debug|Any CPU
		{8FE255F1-6173-4A89-93FB-429EB8FB3DBD}.Ad-Hoc|x86.ActiveCfg = Release|Any CPU
		{8FE255F1-6173-4A89-93FB-429EB8FB3DBD}.AppStore|Any CPU.ActiveCfg = Release|Any CPU
		{8FE255F1-6173-4A89-93FB-429EB8FB3DBD}.AppStore|Any CPU.Build.0 = Release|Any CPU
		{8FE255F1-6173-4A89-93FB-429EB8FB3DBD}.AppStore|ARM.ActiveCfg = Release|Any CPU
		{8FE255F1-6173-4A89-93FB-429EB8FB3DBD}.AppStore|iPhone.ActiveCfg = Release|Any CPU
		{8FE255F1-6173-4A89-93FB-429EB8FB3DBD}.AppStore|iPhoneSimulator.ActiveCfg = Release|Any CPU
		{8FE255F1-6173-4A89-93FB-429EB8FB3DBD}.AppStore|Mixed Platforms.ActiveCfg = Release|Any CPU
		{8FE255F1-6173-4A89-93FB-429EB8FB3DBD}.AppStore|Mixed Platforms.Build.0 = Release|Any CPU
		{8FE255F1-6173-4A89-93FB-429EB8FB3DBD}.AppStore|x64.ActiveCfg = Debug|Any CPU
		{8FE255F1-6173-4A89-93FB-429EB8FB3DBD}.AppStore|x86.ActiveCfg = Release|Any CPU
		{8FE255F1-6173-4A89-93FB-429EB8FB3DBD}.Debug|Any CPU.ActiveCfg = Debug|Any CPU
		{8FE255F1-6173-4A89-93FB-429EB8FB3DBD}.Debug|Any CPU.Build.0 = Debug|Any CPU
		{8FE255F1-6173-4A89-93FB-429EB8FB3DBD}.Debug|ARM.ActiveCfg = Debug|Any CPU
		{8FE255F1-6173-4A89-93FB-429EB8FB3DBD}.Debug|ARM.Build.0 = Debug|Any CPU
		{8FE255F1-6173-4A89-93FB-429EB8FB3DBD}.Debug|iPhone.ActiveCfg = Debug|Any CPU
		{8FE255F1-6173-4A89-93FB-429EB8FB3DBD}.Debug|iPhone.Build.0 = Debug|Any CPU
		{8FE255F1-6173-4A89-93FB-429EB8FB3DBD}.Debug|iPhoneSimulator.ActiveCfg = Debug|Any CPU
		{8FE255F1-6173-4A89-93FB-429EB8FB3DBD}.Debug|iPhoneSimulator.Build.0 = Debug|Any CPU
		{8FE255F1-6173-4A89-93FB-429EB8FB3DBD}.Debug|Mixed Platforms.ActiveCfg = Debug|Any CPU
		{8FE255F1-6173-4A89-93FB-429EB8FB3DBD}.Debug|Mixed Platforms.Build.0 = Debug|Any CPU
		{8FE255F1-6173-4A89-93FB-429EB8FB3DBD}.Debug|x64.ActiveCfg = Debug|Any CPU
		{8FE255F1-6173-4A89-93FB-429EB8FB3DBD}.Debug|x86.ActiveCfg = Debug|Any CPU
		{8FE255F1-6173-4A89-93FB-429EB8FB3DBD}.Debug|x86.Build.0 = Debug|Any CPU
		{8FE255F1-6173-4A89-93FB-429EB8FB3DBD}.Release|Any CPU.ActiveCfg = Release|Any CPU
		{8FE255F1-6173-4A89-93FB-429EB8FB3DBD}.Release|Any CPU.Build.0 = Release|Any CPU
		{8FE255F1-6173-4A89-93FB-429EB8FB3DBD}.Release|ARM.ActiveCfg = Release|Any CPU
		{8FE255F1-6173-4A89-93FB-429EB8FB3DBD}.Release|ARM.Build.0 = Release|Any CPU
		{8FE255F1-6173-4A89-93FB-429EB8FB3DBD}.Release|iPhone.ActiveCfg = Release|Any CPU
		{8FE255F1-6173-4A89-93FB-429EB8FB3DBD}.Release|iPhone.Build.0 = Release|Any CPU
		{8FE255F1-6173-4A89-93FB-429EB8FB3DBD}.Release|iPhoneSimulator.ActiveCfg = Release|Any CPU
		{8FE255F1-6173-4A89-93FB-429EB8FB3DBD}.Release|iPhoneSimulator.Build.0 = Release|Any CPU
		{8FE255F1-6173-4A89-93FB-429EB8FB3DBD}.Release|Mixed Platforms.ActiveCfg = Release|Any CPU
		{8FE255F1-6173-4A89-93FB-429EB8FB3DBD}.Release|Mixed Platforms.Build.0 = Release|Any CPU
		{8FE255F1-6173-4A89-93FB-429EB8FB3DBD}.Release|x64.ActiveCfg = Release|Any CPU
		{8FE255F1-6173-4A89-93FB-429EB8FB3DBD}.Release|x86.ActiveCfg = Release|Any CPU
		{8FE255F1-6173-4A89-93FB-429EB8FB3DBD}.Release|x86.Build.0 = Release|Any CPU
		{1DACE8D4-033D-4500-8825-09F203DBA8D6}.Ad-Hoc|Any CPU.ActiveCfg = Ad-Hoc|iPhone
		{1DACE8D4-033D-4500-8825-09F203DBA8D6}.Ad-Hoc|ARM.ActiveCfg = Ad-Hoc|iPhone
		{1DACE8D4-033D-4500-8825-09F203DBA8D6}.Ad-Hoc|iPhone.ActiveCfg = Ad-Hoc|iPhone
		{1DACE8D4-033D-4500-8825-09F203DBA8D6}.Ad-Hoc|iPhone.Build.0 = Ad-Hoc|iPhone
		{1DACE8D4-033D-4500-8825-09F203DBA8D6}.Ad-Hoc|iPhoneSimulator.ActiveCfg = Ad-Hoc|iPhoneSimulator
		{1DACE8D4-033D-4500-8825-09F203DBA8D6}.Ad-Hoc|iPhoneSimulator.Build.0 = Ad-Hoc|iPhoneSimulator
		{1DACE8D4-033D-4500-8825-09F203DBA8D6}.Ad-Hoc|Mixed Platforms.ActiveCfg = Ad-Hoc|iPhone
		{1DACE8D4-033D-4500-8825-09F203DBA8D6}.Ad-Hoc|Mixed Platforms.Build.0 = Ad-Hoc|iPhone
		{1DACE8D4-033D-4500-8825-09F203DBA8D6}.Ad-Hoc|x64.ActiveCfg = Ad-Hoc|iPhoneSimulator
		{1DACE8D4-033D-4500-8825-09F203DBA8D6}.Ad-Hoc|x86.ActiveCfg = Ad-Hoc|iPhone
		{1DACE8D4-033D-4500-8825-09F203DBA8D6}.AppStore|Any CPU.ActiveCfg = AppStore|iPhone
		{1DACE8D4-033D-4500-8825-09F203DBA8D6}.AppStore|ARM.ActiveCfg = AppStore|iPhone
		{1DACE8D4-033D-4500-8825-09F203DBA8D6}.AppStore|iPhone.ActiveCfg = AppStore|iPhone
		{1DACE8D4-033D-4500-8825-09F203DBA8D6}.AppStore|iPhone.Build.0 = AppStore|iPhone
		{1DACE8D4-033D-4500-8825-09F203DBA8D6}.AppStore|iPhoneSimulator.ActiveCfg = AppStore|iPhoneSimulator
		{1DACE8D4-033D-4500-8825-09F203DBA8D6}.AppStore|iPhoneSimulator.Build.0 = AppStore|iPhoneSimulator
		{1DACE8D4-033D-4500-8825-09F203DBA8D6}.AppStore|Mixed Platforms.ActiveCfg = AppStore|iPhone
		{1DACE8D4-033D-4500-8825-09F203DBA8D6}.AppStore|Mixed Platforms.Build.0 = AppStore|iPhone
		{1DACE8D4-033D-4500-8825-09F203DBA8D6}.AppStore|x64.ActiveCfg = AppStore|iPhoneSimulator
		{1DACE8D4-033D-4500-8825-09F203DBA8D6}.AppStore|x86.ActiveCfg = AppStore|iPhone
		{1DACE8D4-033D-4500-8825-09F203DBA8D6}.Debug|Any CPU.ActiveCfg = Debug|iPhone
		{1DACE8D4-033D-4500-8825-09F203DBA8D6}.Debug|Any CPU.Build.0 = Debug|iPhone
		{1DACE8D4-033D-4500-8825-09F203DBA8D6}.Debug|ARM.ActiveCfg = Debug|iPhone
		{1DACE8D4-033D-4500-8825-09F203DBA8D6}.Debug|ARM.Build.0 = Debug|iPhone
		{1DACE8D4-033D-4500-8825-09F203DBA8D6}.Debug|iPhone.ActiveCfg = Debug|iPhone
		{1DACE8D4-033D-4500-8825-09F203DBA8D6}.Debug|iPhone.Build.0 = Debug|iPhone
		{1DACE8D4-033D-4500-8825-09F203DBA8D6}.Debug|iPhone.Deploy.0 = Debug|iPhone
		{1DACE8D4-033D-4500-8825-09F203DBA8D6}.Debug|iPhoneSimulator.ActiveCfg = Debug|iPhoneSimulator
		{1DACE8D4-033D-4500-8825-09F203DBA8D6}.Debug|iPhoneSimulator.Build.0 = Debug|iPhoneSimulator
		{1DACE8D4-033D-4500-8825-09F203DBA8D6}.Debug|Mixed Platforms.ActiveCfg = Debug|iPhone
		{1DACE8D4-033D-4500-8825-09F203DBA8D6}.Debug|Mixed Platforms.Build.0 = Debug|iPhone
		{1DACE8D4-033D-4500-8825-09F203DBA8D6}.Debug|x64.ActiveCfg = Debug|iPhoneSimulator
		{1DACE8D4-033D-4500-8825-09F203DBA8D6}.Debug|x86.ActiveCfg = Debug|iPhone
		{1DACE8D4-033D-4500-8825-09F203DBA8D6}.Debug|x86.Build.0 = Debug|iPhone
		{1DACE8D4-033D-4500-8825-09F203DBA8D6}.Release|Any CPU.ActiveCfg = Release|iPhone
		{1DACE8D4-033D-4500-8825-09F203DBA8D6}.Release|Any CPU.Build.0 = Release|iPhone
		{1DACE8D4-033D-4500-8825-09F203DBA8D6}.Release|ARM.ActiveCfg = Release|iPhone
		{1DACE8D4-033D-4500-8825-09F203DBA8D6}.Release|ARM.Build.0 = Release|iPhone
		{1DACE8D4-033D-4500-8825-09F203DBA8D6}.Release|iPhone.ActiveCfg = Release|iPhone
		{1DACE8D4-033D-4500-8825-09F203DBA8D6}.Release|iPhone.Build.0 = Release|iPhone
		{1DACE8D4-033D-4500-8825-09F203DBA8D6}.Release|iPhoneSimulator.ActiveCfg = Release|iPhoneSimulator
		{1DACE8D4-033D-4500-8825-09F203DBA8D6}.Release|iPhoneSimulator.Build.0 = Release|iPhoneSimulator
		{1DACE8D4-033D-4500-8825-09F203DBA8D6}.Release|Mixed Platforms.ActiveCfg = Release|iPhone
		{1DACE8D4-033D-4500-8825-09F203DBA8D6}.Release|Mixed Platforms.Build.0 = Release|iPhone
		{1DACE8D4-033D-4500-8825-09F203DBA8D6}.Release|x64.ActiveCfg = Release|iPhoneSimulator
		{1DACE8D4-033D-4500-8825-09F203DBA8D6}.Release|x86.ActiveCfg = Release|iPhone
		{6EC1A2F9-5049-4EB5-A9F0-1CC60D6BCF64}.Ad-Hoc|Any CPU.ActiveCfg = Release|Any CPU
		{6EC1A2F9-5049-4EB5-A9F0-1CC60D6BCF64}.Ad-Hoc|Any CPU.Build.0 = Release|Any CPU
		{6EC1A2F9-5049-4EB5-A9F0-1CC60D6BCF64}.Ad-Hoc|Any CPU.Deploy.0 = Release|Any CPU
		{6EC1A2F9-5049-4EB5-A9F0-1CC60D6BCF64}.Ad-Hoc|ARM.ActiveCfg = Release|Any CPU
		{6EC1A2F9-5049-4EB5-A9F0-1CC60D6BCF64}.Ad-Hoc|iPhone.ActiveCfg = Release|Any CPU
		{6EC1A2F9-5049-4EB5-A9F0-1CC60D6BCF64}.Ad-Hoc|iPhoneSimulator.ActiveCfg = Release|Any CPU
		{6EC1A2F9-5049-4EB5-A9F0-1CC60D6BCF64}.Ad-Hoc|Mixed Platforms.ActiveCfg = Release|Any CPU
		{6EC1A2F9-5049-4EB5-A9F0-1CC60D6BCF64}.Ad-Hoc|Mixed Platforms.Build.0 = Release|Any CPU
		{6EC1A2F9-5049-4EB5-A9F0-1CC60D6BCF64}.Ad-Hoc|Mixed Platforms.Deploy.0 = Release|Any CPU
		{6EC1A2F9-5049-4EB5-A9F0-1CC60D6BCF64}.Ad-Hoc|x64.ActiveCfg = Debug|Any CPU
		{6EC1A2F9-5049-4EB5-A9F0-1CC60D6BCF64}.Ad-Hoc|x86.ActiveCfg = Release|Any CPU
		{6EC1A2F9-5049-4EB5-A9F0-1CC60D6BCF64}.AppStore|Any CPU.ActiveCfg = Release|Any CPU
		{6EC1A2F9-5049-4EB5-A9F0-1CC60D6BCF64}.AppStore|Any CPU.Build.0 = Release|Any CPU
		{6EC1A2F9-5049-4EB5-A9F0-1CC60D6BCF64}.AppStore|Any CPU.Deploy.0 = Release|Any CPU
		{6EC1A2F9-5049-4EB5-A9F0-1CC60D6BCF64}.AppStore|ARM.ActiveCfg = Release|Any CPU
		{6EC1A2F9-5049-4EB5-A9F0-1CC60D6BCF64}.AppStore|iPhone.ActiveCfg = Release|Any CPU
		{6EC1A2F9-5049-4EB5-A9F0-1CC60D6BCF64}.AppStore|iPhoneSimulator.ActiveCfg = Release|Any CPU
		{6EC1A2F9-5049-4EB5-A9F0-1CC60D6BCF64}.AppStore|Mixed Platforms.ActiveCfg = Release|Any CPU
		{6EC1A2F9-5049-4EB5-A9F0-1CC60D6BCF64}.AppStore|Mixed Platforms.Build.0 = Release|Any CPU
		{6EC1A2F9-5049-4EB5-A9F0-1CC60D6BCF64}.AppStore|Mixed Platforms.Deploy.0 = Release|Any CPU
		{6EC1A2F9-5049-4EB5-A9F0-1CC60D6BCF64}.AppStore|x64.ActiveCfg = Debug|Any CPU
		{6EC1A2F9-5049-4EB5-A9F0-1CC60D6BCF64}.AppStore|x86.ActiveCfg = Release|Any CPU
		{6EC1A2F9-5049-4EB5-A9F0-1CC60D6BCF64}.Debug|Any CPU.ActiveCfg = Debug|Any CPU
		{6EC1A2F9-5049-4EB5-A9F0-1CC60D6BCF64}.Debug|Any CPU.Build.0 = Debug|Any CPU
		{6EC1A2F9-5049-4EB5-A9F0-1CC60D6BCF64}.Debug|Any CPU.Deploy.0 = Debug|Any CPU
		{6EC1A2F9-5049-4EB5-A9F0-1CC60D6BCF64}.Debug|ARM.ActiveCfg = Debug|Any CPU
		{6EC1A2F9-5049-4EB5-A9F0-1CC60D6BCF64}.Debug|ARM.Build.0 = Debug|Any CPU
		{6EC1A2F9-5049-4EB5-A9F0-1CC60D6BCF64}.Debug|iPhone.ActiveCfg = Debug|Any CPU
		{6EC1A2F9-5049-4EB5-A9F0-1CC60D6BCF64}.Debug|iPhoneSimulator.ActiveCfg = Debug|Any CPU
		{6EC1A2F9-5049-4EB5-A9F0-1CC60D6BCF64}.Debug|Mixed Platforms.ActiveCfg = Debug|Any CPU
		{6EC1A2F9-5049-4EB5-A9F0-1CC60D6BCF64}.Debug|Mixed Platforms.Build.0 = Debug|Any CPU
		{6EC1A2F9-5049-4EB5-A9F0-1CC60D6BCF64}.Debug|Mixed Platforms.Deploy.0 = Debug|Any CPU
		{6EC1A2F9-5049-4EB5-A9F0-1CC60D6BCF64}.Debug|x64.ActiveCfg = Debug|Any CPU
		{6EC1A2F9-5049-4EB5-A9F0-1CC60D6BCF64}.Debug|x86.ActiveCfg = Debug|Any CPU
		{6EC1A2F9-5049-4EB5-A9F0-1CC60D6BCF64}.Debug|x86.Build.0 = Debug|Any CPU
		{6EC1A2F9-5049-4EB5-A9F0-1CC60D6BCF64}.Debug|x86.Deploy.0 = Debug|Any CPU
		{6EC1A2F9-5049-4EB5-A9F0-1CC60D6BCF64}.Release|Any CPU.ActiveCfg = Release|Any CPU
		{6EC1A2F9-5049-4EB5-A9F0-1CC60D6BCF64}.Release|Any CPU.Build.0 = Release|Any CPU
		{6EC1A2F9-5049-4EB5-A9F0-1CC60D6BCF64}.Release|Any CPU.Deploy.0 = Release|Any CPU
		{6EC1A2F9-5049-4EB5-A9F0-1CC60D6BCF64}.Release|ARM.ActiveCfg = Release|Any CPU
		{6EC1A2F9-5049-4EB5-A9F0-1CC60D6BCF64}.Release|ARM.Build.0 = Release|Any CPU
		{6EC1A2F9-5049-4EB5-A9F0-1CC60D6BCF64}.Release|ARM.Deploy.0 = Release|Any CPU
		{6EC1A2F9-5049-4EB5-A9F0-1CC60D6BCF64}.Release|iPhone.ActiveCfg = Release|Any CPU
		{6EC1A2F9-5049-4EB5-A9F0-1CC60D6BCF64}.Release|iPhone.Build.0 = Release|Any CPU
		{6EC1A2F9-5049-4EB5-A9F0-1CC60D6BCF64}.Release|iPhoneSimulator.ActiveCfg = Release|Any CPU
		{6EC1A2F9-5049-4EB5-A9F0-1CC60D6BCF64}.Release|iPhoneSimulator.Build.0 = Release|Any CPU
		{6EC1A2F9-5049-4EB5-A9F0-1CC60D6BCF64}.Release|Mixed Platforms.ActiveCfg = Release|Any CPU
		{6EC1A2F9-5049-4EB5-A9F0-1CC60D6BCF64}.Release|Mixed Platforms.Build.0 = Release|Any CPU
		{6EC1A2F9-5049-4EB5-A9F0-1CC60D6BCF64}.Release|Mixed Platforms.Deploy.0 = Release|Any CPU
		{6EC1A2F9-5049-4EB5-A9F0-1CC60D6BCF64}.Release|x64.ActiveCfg = Release|Any CPU
		{6EC1A2F9-5049-4EB5-A9F0-1CC60D6BCF64}.Release|x86.ActiveCfg = Release|Any CPU
		{6EC1A2F9-5049-4EB5-A9F0-1CC60D6BCF64}.Release|x86.Build.0 = Release|Any CPU
		{6EC1A2F9-5049-4EB5-A9F0-1CC60D6BCF64}.Release|x86.Deploy.0 = Release|Any CPU
		{4D79CEC6-0D18-4A26-B3B2-C1B80CC6B737}.Ad-Hoc|Any CPU.ActiveCfg = Release|Any CPU
		{4D79CEC6-0D18-4A26-B3B2-C1B80CC6B737}.Ad-Hoc|Any CPU.Build.0 = Release|Any CPU
		{4D79CEC6-0D18-4A26-B3B2-C1B80CC6B737}.Ad-Hoc|Any CPU.Deploy.0 = Release|Any CPU
		{4D79CEC6-0D18-4A26-B3B2-C1B80CC6B737}.Ad-Hoc|ARM.ActiveCfg = Release|ARM
		{4D79CEC6-0D18-4A26-B3B2-C1B80CC6B737}.Ad-Hoc|ARM.Build.0 = Release|ARM
		{4D79CEC6-0D18-4A26-B3B2-C1B80CC6B737}.Ad-Hoc|ARM.Deploy.0 = Release|ARM
		{4D79CEC6-0D18-4A26-B3B2-C1B80CC6B737}.Ad-Hoc|iPhone.ActiveCfg = Release|Any CPU
		{4D79CEC6-0D18-4A26-B3B2-C1B80CC6B737}.Ad-Hoc|iPhoneSimulator.ActiveCfg = Release|Any CPU
		{4D79CEC6-0D18-4A26-B3B2-C1B80CC6B737}.Ad-Hoc|Mixed Platforms.ActiveCfg = Release|x86
		{4D79CEC6-0D18-4A26-B3B2-C1B80CC6B737}.Ad-Hoc|Mixed Platforms.Build.0 = Release|x86
		{4D79CEC6-0D18-4A26-B3B2-C1B80CC6B737}.Ad-Hoc|Mixed Platforms.Deploy.0 = Release|x86
		{4D79CEC6-0D18-4A26-B3B2-C1B80CC6B737}.Ad-Hoc|x64.ActiveCfg = Debug|Any CPU
		{4D79CEC6-0D18-4A26-B3B2-C1B80CC6B737}.Ad-Hoc|x86.ActiveCfg = Release|x86
		{4D79CEC6-0D18-4A26-B3B2-C1B80CC6B737}.Ad-Hoc|x86.Build.0 = Release|x86
		{4D79CEC6-0D18-4A26-B3B2-C1B80CC6B737}.Ad-Hoc|x86.Deploy.0 = Release|x86
		{4D79CEC6-0D18-4A26-B3B2-C1B80CC6B737}.AppStore|Any CPU.ActiveCfg = Release|Any CPU
		{4D79CEC6-0D18-4A26-B3B2-C1B80CC6B737}.AppStore|Any CPU.Build.0 = Release|Any CPU
		{4D79CEC6-0D18-4A26-B3B2-C1B80CC6B737}.AppStore|Any CPU.Deploy.0 = Release|Any CPU
		{4D79CEC6-0D18-4A26-B3B2-C1B80CC6B737}.AppStore|ARM.ActiveCfg = Release|ARM
		{4D79CEC6-0D18-4A26-B3B2-C1B80CC6B737}.AppStore|ARM.Build.0 = Release|ARM
		{4D79CEC6-0D18-4A26-B3B2-C1B80CC6B737}.AppStore|ARM.Deploy.0 = Release|ARM
		{4D79CEC6-0D18-4A26-B3B2-C1B80CC6B737}.AppStore|iPhone.ActiveCfg = Release|Any CPU
		{4D79CEC6-0D18-4A26-B3B2-C1B80CC6B737}.AppStore|iPhoneSimulator.ActiveCfg = Release|Any CPU
		{4D79CEC6-0D18-4A26-B3B2-C1B80CC6B737}.AppStore|Mixed Platforms.ActiveCfg = Release|x86
		{4D79CEC6-0D18-4A26-B3B2-C1B80CC6B737}.AppStore|Mixed Platforms.Build.0 = Release|x86
		{4D79CEC6-0D18-4A26-B3B2-C1B80CC6B737}.AppStore|Mixed Platforms.Deploy.0 = Release|x86
		{4D79CEC6-0D18-4A26-B3B2-C1B80CC6B737}.AppStore|x64.ActiveCfg = Debug|Any CPU
		{4D79CEC6-0D18-4A26-B3B2-C1B80CC6B737}.AppStore|x86.ActiveCfg = Release|x86
		{4D79CEC6-0D18-4A26-B3B2-C1B80CC6B737}.AppStore|x86.Build.0 = Release|x86
		{4D79CEC6-0D18-4A26-B3B2-C1B80CC6B737}.AppStore|x86.Deploy.0 = Release|x86
		{4D79CEC6-0D18-4A26-B3B2-C1B80CC6B737}.Debug|Any CPU.ActiveCfg = Debug|Any CPU
		{4D79CEC6-0D18-4A26-B3B2-C1B80CC6B737}.Debug|Any CPU.Build.0 = Debug|Any CPU
		{4D79CEC6-0D18-4A26-B3B2-C1B80CC6B737}.Debug|Any CPU.Deploy.0 = Debug|Any CPU
		{4D79CEC6-0D18-4A26-B3B2-C1B80CC6B737}.Debug|ARM.ActiveCfg = Debug|ARM
		{4D79CEC6-0D18-4A26-B3B2-C1B80CC6B737}.Debug|ARM.Build.0 = Debug|ARM
		{4D79CEC6-0D18-4A26-B3B2-C1B80CC6B737}.Debug|ARM.Deploy.0 = Debug|ARM
		{4D79CEC6-0D18-4A26-B3B2-C1B80CC6B737}.Debug|iPhone.ActiveCfg = Debug|Any CPU
		{4D79CEC6-0D18-4A26-B3B2-C1B80CC6B737}.Debug|iPhone.Build.0 = Debug|Any CPU
		{4D79CEC6-0D18-4A26-B3B2-C1B80CC6B737}.Debug|iPhone.Deploy.0 = Debug|Any CPU
		{4D79CEC6-0D18-4A26-B3B2-C1B80CC6B737}.Debug|iPhoneSimulator.ActiveCfg = Debug|Any CPU
		{4D79CEC6-0D18-4A26-B3B2-C1B80CC6B737}.Debug|Mixed Platforms.ActiveCfg = Debug|Any CPU
		{4D79CEC6-0D18-4A26-B3B2-C1B80CC6B737}.Debug|Mixed Platforms.Build.0 = Debug|Any CPU
		{4D79CEC6-0D18-4A26-B3B2-C1B80CC6B737}.Debug|Mixed Platforms.Deploy.0 = Debug|Any CPU
		{4D79CEC6-0D18-4A26-B3B2-C1B80CC6B737}.Debug|x64.ActiveCfg = Debug|Any CPU
		{4D79CEC6-0D18-4A26-B3B2-C1B80CC6B737}.Debug|x86.ActiveCfg = Debug|x86
		{4D79CEC6-0D18-4A26-B3B2-C1B80CC6B737}.Debug|x86.Build.0 = Debug|x86
		{4D79CEC6-0D18-4A26-B3B2-C1B80CC6B737}.Debug|x86.Deploy.0 = Debug|x86
		{4D79CEC6-0D18-4A26-B3B2-C1B80CC6B737}.Release|Any CPU.ActiveCfg = Release|Any CPU
		{4D79CEC6-0D18-4A26-B3B2-C1B80CC6B737}.Release|Any CPU.Build.0 = Release|Any CPU
		{4D79CEC6-0D18-4A26-B3B2-C1B80CC6B737}.Release|Any CPU.Deploy.0 = Release|Any CPU
		{4D79CEC6-0D18-4A26-B3B2-C1B80CC6B737}.Release|ARM.ActiveCfg = Release|ARM
		{4D79CEC6-0D18-4A26-B3B2-C1B80CC6B737}.Release|ARM.Build.0 = Release|ARM
		{4D79CEC6-0D18-4A26-B3B2-C1B80CC6B737}.Release|ARM.Deploy.0 = Release|ARM
		{4D79CEC6-0D18-4A26-B3B2-C1B80CC6B737}.Release|iPhone.ActiveCfg = Release|Any CPU
		{4D79CEC6-0D18-4A26-B3B2-C1B80CC6B737}.Release|iPhone.Build.0 = Release|Any CPU
		{4D79CEC6-0D18-4A26-B3B2-C1B80CC6B737}.Release|iPhoneSimulator.ActiveCfg = Release|Any CPU
		{4D79CEC6-0D18-4A26-B3B2-C1B80CC6B737}.Release|iPhoneSimulator.Build.0 = Release|Any CPU
		{4D79CEC6-0D18-4A26-B3B2-C1B80CC6B737}.Release|Mixed Platforms.ActiveCfg = Release|x86
		{4D79CEC6-0D18-4A26-B3B2-C1B80CC6B737}.Release|Mixed Platforms.Build.0 = Release|x86
		{4D79CEC6-0D18-4A26-B3B2-C1B80CC6B737}.Release|Mixed Platforms.Deploy.0 = Release|x86
		{4D79CEC6-0D18-4A26-B3B2-C1B80CC6B737}.Release|x64.ActiveCfg = Release|Any CPU
		{4D79CEC6-0D18-4A26-B3B2-C1B80CC6B737}.Release|x86.ActiveCfg = Release|x86
		{4D79CEC6-0D18-4A26-B3B2-C1B80CC6B737}.Release|x86.Build.0 = Release|x86
		{4D79CEC6-0D18-4A26-B3B2-C1B80CC6B737}.Release|x86.Deploy.0 = Release|x86
		{0BF2058C-CE9B-4AA8-809C-E11879290BFD}.Ad-Hoc|Any CPU.ActiveCfg = Release|Any CPU
		{0BF2058C-CE9B-4AA8-809C-E11879290BFD}.Ad-Hoc|Any CPU.Build.0 = Release|Any CPU
		{0BF2058C-CE9B-4AA8-809C-E11879290BFD}.Ad-Hoc|Any CPU.Deploy.0 = Release|Any CPU
		{0BF2058C-CE9B-4AA8-809C-E11879290BFD}.Ad-Hoc|ARM.ActiveCfg = Release|ARM
		{0BF2058C-CE9B-4AA8-809C-E11879290BFD}.Ad-Hoc|ARM.Build.0 = Release|ARM
		{0BF2058C-CE9B-4AA8-809C-E11879290BFD}.Ad-Hoc|ARM.Deploy.0 = Release|ARM
		{0BF2058C-CE9B-4AA8-809C-E11879290BFD}.Ad-Hoc|iPhone.ActiveCfg = Release|Any CPU
		{0BF2058C-CE9B-4AA8-809C-E11879290BFD}.Ad-Hoc|iPhoneSimulator.ActiveCfg = Release|Any CPU
		{0BF2058C-CE9B-4AA8-809C-E11879290BFD}.Ad-Hoc|Mixed Platforms.ActiveCfg = Release|x86
		{0BF2058C-CE9B-4AA8-809C-E11879290BFD}.Ad-Hoc|Mixed Platforms.Build.0 = Release|x86
		{0BF2058C-CE9B-4AA8-809C-E11879290BFD}.Ad-Hoc|Mixed Platforms.Deploy.0 = Release|x86
		{0BF2058C-CE9B-4AA8-809C-E11879290BFD}.Ad-Hoc|x64.ActiveCfg = Release|Any CPU
		{0BF2058C-CE9B-4AA8-809C-E11879290BFD}.Ad-Hoc|x86.ActiveCfg = Release|x86
		{0BF2058C-CE9B-4AA8-809C-E11879290BFD}.Ad-Hoc|x86.Build.0 = Release|x86
		{0BF2058C-CE9B-4AA8-809C-E11879290BFD}.Ad-Hoc|x86.Deploy.0 = Release|x86
		{0BF2058C-CE9B-4AA8-809C-E11879290BFD}.AppStore|Any CPU.ActiveCfg = Release|Any CPU
		{0BF2058C-CE9B-4AA8-809C-E11879290BFD}.AppStore|Any CPU.Build.0 = Release|Any CPU
		{0BF2058C-CE9B-4AA8-809C-E11879290BFD}.AppStore|Any CPU.Deploy.0 = Release|Any CPU
		{0BF2058C-CE9B-4AA8-809C-E11879290BFD}.AppStore|ARM.ActiveCfg = Release|ARM
		{0BF2058C-CE9B-4AA8-809C-E11879290BFD}.AppStore|ARM.Build.0 = Release|ARM
		{0BF2058C-CE9B-4AA8-809C-E11879290BFD}.AppStore|ARM.Deploy.0 = Release|ARM
		{0BF2058C-CE9B-4AA8-809C-E11879290BFD}.AppStore|iPhone.ActiveCfg = Release|Any CPU
		{0BF2058C-CE9B-4AA8-809C-E11879290BFD}.AppStore|iPhoneSimulator.ActiveCfg = Release|Any CPU
		{0BF2058C-CE9B-4AA8-809C-E11879290BFD}.AppStore|Mixed Platforms.ActiveCfg = Release|x86
		{0BF2058C-CE9B-4AA8-809C-E11879290BFD}.AppStore|Mixed Platforms.Build.0 = Release|x86
		{0BF2058C-CE9B-4AA8-809C-E11879290BFD}.AppStore|Mixed Platforms.Deploy.0 = Release|x86
		{0BF2058C-CE9B-4AA8-809C-E11879290BFD}.AppStore|x64.ActiveCfg = Release|Any CPU
		{0BF2058C-CE9B-4AA8-809C-E11879290BFD}.AppStore|x86.ActiveCfg = Release|x86
		{0BF2058C-CE9B-4AA8-809C-E11879290BFD}.AppStore|x86.Build.0 = Release|x86
		{0BF2058C-CE9B-4AA8-809C-E11879290BFD}.AppStore|x86.Deploy.0 = Release|x86
		{0BF2058C-CE9B-4AA8-809C-E11879290BFD}.Debug|Any CPU.ActiveCfg = Debug|Any CPU
		{0BF2058C-CE9B-4AA8-809C-E11879290BFD}.Debug|Any CPU.Build.0 = Debug|Any CPU
		{0BF2058C-CE9B-4AA8-809C-E11879290BFD}.Debug|Any CPU.Deploy.0 = Debug|Any CPU
		{0BF2058C-CE9B-4AA8-809C-E11879290BFD}.Debug|ARM.ActiveCfg = Debug|ARM
		{0BF2058C-CE9B-4AA8-809C-E11879290BFD}.Debug|ARM.Build.0 = Debug|ARM
		{0BF2058C-CE9B-4AA8-809C-E11879290BFD}.Debug|ARM.Deploy.0 = Debug|ARM
		{0BF2058C-CE9B-4AA8-809C-E11879290BFD}.Debug|iPhone.ActiveCfg = Debug|Any CPU
		{0BF2058C-CE9B-4AA8-809C-E11879290BFD}.Debug|iPhoneSimulator.ActiveCfg = Debug|Any CPU
		{0BF2058C-CE9B-4AA8-809C-E11879290BFD}.Debug|Mixed Platforms.ActiveCfg = Debug|x86
		{0BF2058C-CE9B-4AA8-809C-E11879290BFD}.Debug|Mixed Platforms.Build.0 = Debug|x86
		{0BF2058C-CE9B-4AA8-809C-E11879290BFD}.Debug|Mixed Platforms.Deploy.0 = Debug|x86
		{0BF2058C-CE9B-4AA8-809C-E11879290BFD}.Debug|x64.ActiveCfg = Debug|Any CPU
		{0BF2058C-CE9B-4AA8-809C-E11879290BFD}.Debug|x86.ActiveCfg = Debug|x86
		{0BF2058C-CE9B-4AA8-809C-E11879290BFD}.Debug|x86.Build.0 = Debug|x86
		{0BF2058C-CE9B-4AA8-809C-E11879290BFD}.Debug|x86.Deploy.0 = Debug|x86
		{0BF2058C-CE9B-4AA8-809C-E11879290BFD}.Release|Any CPU.ActiveCfg = Release|Any CPU
		{0BF2058C-CE9B-4AA8-809C-E11879290BFD}.Release|Any CPU.Build.0 = Release|Any CPU
		{0BF2058C-CE9B-4AA8-809C-E11879290BFD}.Release|Any CPU.Deploy.0 = Release|Any CPU
		{0BF2058C-CE9B-4AA8-809C-E11879290BFD}.Release|ARM.ActiveCfg = Release|ARM
		{0BF2058C-CE9B-4AA8-809C-E11879290BFD}.Release|ARM.Build.0 = Release|ARM
		{0BF2058C-CE9B-4AA8-809C-E11879290BFD}.Release|ARM.Deploy.0 = Release|ARM
		{0BF2058C-CE9B-4AA8-809C-E11879290BFD}.Release|iPhone.ActiveCfg = Release|Any CPU
		{0BF2058C-CE9B-4AA8-809C-E11879290BFD}.Release|iPhoneSimulator.ActiveCfg = Release|Any CPU
		{0BF2058C-CE9B-4AA8-809C-E11879290BFD}.Release|Mixed Platforms.ActiveCfg = Release|x86
		{0BF2058C-CE9B-4AA8-809C-E11879290BFD}.Release|Mixed Platforms.Build.0 = Release|x86
		{0BF2058C-CE9B-4AA8-809C-E11879290BFD}.Release|Mixed Platforms.Deploy.0 = Release|x86
		{0BF2058C-CE9B-4AA8-809C-E11879290BFD}.Release|x64.ActiveCfg = Release|Any CPU
		{0BF2058C-CE9B-4AA8-809C-E11879290BFD}.Release|x86.ActiveCfg = Release|x86
		{0BF2058C-CE9B-4AA8-809C-E11879290BFD}.Release|x86.Build.0 = Release|x86
		{0BF2058C-CE9B-4AA8-809C-E11879290BFD}.Release|x86.Deploy.0 = Release|x86
		{B5FFA7F1-BFC2-411E-A4EA-55F0100E7B92}.Ad-Hoc|Any CPU.ActiveCfg = Release|Any CPU
		{B5FFA7F1-BFC2-411E-A4EA-55F0100E7B92}.Ad-Hoc|Any CPU.Build.0 = Release|Any CPU
		{B5FFA7F1-BFC2-411E-A4EA-55F0100E7B92}.Ad-Hoc|Any CPU.Deploy.0 = Release|Any CPU
		{B5FFA7F1-BFC2-411E-A4EA-55F0100E7B92}.Ad-Hoc|ARM.ActiveCfg = Release|ARM
		{B5FFA7F1-BFC2-411E-A4EA-55F0100E7B92}.Ad-Hoc|ARM.Build.0 = Release|ARM
		{B5FFA7F1-BFC2-411E-A4EA-55F0100E7B92}.Ad-Hoc|ARM.Deploy.0 = Release|ARM
		{B5FFA7F1-BFC2-411E-A4EA-55F0100E7B92}.Ad-Hoc|iPhone.ActiveCfg = Release|Any CPU
		{B5FFA7F1-BFC2-411E-A4EA-55F0100E7B92}.Ad-Hoc|iPhoneSimulator.ActiveCfg = Release|Any CPU
		{B5FFA7F1-BFC2-411E-A4EA-55F0100E7B92}.Ad-Hoc|Mixed Platforms.ActiveCfg = Release|x86
		{B5FFA7F1-BFC2-411E-A4EA-55F0100E7B92}.Ad-Hoc|Mixed Platforms.Build.0 = Release|x86
		{B5FFA7F1-BFC2-411E-A4EA-55F0100E7B92}.Ad-Hoc|Mixed Platforms.Deploy.0 = Release|x86
		{B5FFA7F1-BFC2-411E-A4EA-55F0100E7B92}.Ad-Hoc|x64.ActiveCfg = Release|x64
		{B5FFA7F1-BFC2-411E-A4EA-55F0100E7B92}.Ad-Hoc|x64.Build.0 = Release|x64
		{B5FFA7F1-BFC2-411E-A4EA-55F0100E7B92}.Ad-Hoc|x64.Deploy.0 = Release|x64
		{B5FFA7F1-BFC2-411E-A4EA-55F0100E7B92}.Ad-Hoc|x86.ActiveCfg = Release|x86
		{B5FFA7F1-BFC2-411E-A4EA-55F0100E7B92}.Ad-Hoc|x86.Build.0 = Release|x86
		{B5FFA7F1-BFC2-411E-A4EA-55F0100E7B92}.Ad-Hoc|x86.Deploy.0 = Release|x86
		{B5FFA7F1-BFC2-411E-A4EA-55F0100E7B92}.AppStore|Any CPU.ActiveCfg = Release|Any CPU
		{B5FFA7F1-BFC2-411E-A4EA-55F0100E7B92}.AppStore|Any CPU.Build.0 = Release|Any CPU
		{B5FFA7F1-BFC2-411E-A4EA-55F0100E7B92}.AppStore|Any CPU.Deploy.0 = Release|Any CPU
		{B5FFA7F1-BFC2-411E-A4EA-55F0100E7B92}.AppStore|ARM.ActiveCfg = Release|ARM
		{B5FFA7F1-BFC2-411E-A4EA-55F0100E7B92}.AppStore|ARM.Build.0 = Release|ARM
		{B5FFA7F1-BFC2-411E-A4EA-55F0100E7B92}.AppStore|ARM.Deploy.0 = Release|ARM
		{B5FFA7F1-BFC2-411E-A4EA-55F0100E7B92}.AppStore|iPhone.ActiveCfg = Release|Any CPU
		{B5FFA7F1-BFC2-411E-A4EA-55F0100E7B92}.AppStore|iPhoneSimulator.ActiveCfg = Release|Any CPU
		{B5FFA7F1-BFC2-411E-A4EA-55F0100E7B92}.AppStore|Mixed Platforms.ActiveCfg = Release|x86
		{B5FFA7F1-BFC2-411E-A4EA-55F0100E7B92}.AppStore|Mixed Platforms.Build.0 = Release|x86
		{B5FFA7F1-BFC2-411E-A4EA-55F0100E7B92}.AppStore|Mixed Platforms.Deploy.0 = Release|x86
		{B5FFA7F1-BFC2-411E-A4EA-55F0100E7B92}.AppStore|x64.ActiveCfg = Release|x64
		{B5FFA7F1-BFC2-411E-A4EA-55F0100E7B92}.AppStore|x64.Build.0 = Release|x64
		{B5FFA7F1-BFC2-411E-A4EA-55F0100E7B92}.AppStore|x64.Deploy.0 = Release|x64
		{B5FFA7F1-BFC2-411E-A4EA-55F0100E7B92}.AppStore|x86.ActiveCfg = Release|x86
		{B5FFA7F1-BFC2-411E-A4EA-55F0100E7B92}.AppStore|x86.Build.0 = Release|x86
		{B5FFA7F1-BFC2-411E-A4EA-55F0100E7B92}.AppStore|x86.Deploy.0 = Release|x86
		{B5FFA7F1-BFC2-411E-A4EA-55F0100E7B92}.Debug|Any CPU.ActiveCfg = Debug|Any CPU
		{B5FFA7F1-BFC2-411E-A4EA-55F0100E7B92}.Debug|Any CPU.Build.0 = Debug|Any CPU
		{B5FFA7F1-BFC2-411E-A4EA-55F0100E7B92}.Debug|Any CPU.Deploy.0 = Debug|Any CPU
		{B5FFA7F1-BFC2-411E-A4EA-55F0100E7B92}.Debug|ARM.ActiveCfg = Debug|ARM
		{B5FFA7F1-BFC2-411E-A4EA-55F0100E7B92}.Debug|ARM.Build.0 = Debug|ARM
		{B5FFA7F1-BFC2-411E-A4EA-55F0100E7B92}.Debug|ARM.Deploy.0 = Debug|ARM
		{B5FFA7F1-BFC2-411E-A4EA-55F0100E7B92}.Debug|iPhone.ActiveCfg = Debug|Any CPU
		{B5FFA7F1-BFC2-411E-A4EA-55F0100E7B92}.Debug|iPhoneSimulator.ActiveCfg = Debug|Any CPU
		{B5FFA7F1-BFC2-411E-A4EA-55F0100E7B92}.Debug|Mixed Platforms.ActiveCfg = Debug|x86
		{B5FFA7F1-BFC2-411E-A4EA-55F0100E7B92}.Debug|Mixed Platforms.Build.0 = Debug|x86
		{B5FFA7F1-BFC2-411E-A4EA-55F0100E7B92}.Debug|Mixed Platforms.Deploy.0 = Debug|x86
		{B5FFA7F1-BFC2-411E-A4EA-55F0100E7B92}.Debug|x64.ActiveCfg = Debug|x64
		{B5FFA7F1-BFC2-411E-A4EA-55F0100E7B92}.Debug|x64.Build.0 = Debug|x64
		{B5FFA7F1-BFC2-411E-A4EA-55F0100E7B92}.Debug|x64.Deploy.0 = Debug|x64
		{B5FFA7F1-BFC2-411E-A4EA-55F0100E7B92}.Debug|x86.ActiveCfg = Debug|x86
		{B5FFA7F1-BFC2-411E-A4EA-55F0100E7B92}.Debug|x86.Build.0 = Debug|x86
		{B5FFA7F1-BFC2-411E-A4EA-55F0100E7B92}.Debug|x86.Deploy.0 = Debug|x86
		{B5FFA7F1-BFC2-411E-A4EA-55F0100E7B92}.Release|Any CPU.ActiveCfg = Release|Any CPU
		{B5FFA7F1-BFC2-411E-A4EA-55F0100E7B92}.Release|Any CPU.Build.0 = Release|Any CPU
		{B5FFA7F1-BFC2-411E-A4EA-55F0100E7B92}.Release|Any CPU.Deploy.0 = Release|Any CPU
		{B5FFA7F1-BFC2-411E-A4EA-55F0100E7B92}.Release|ARM.ActiveCfg = Release|ARM
		{B5FFA7F1-BFC2-411E-A4EA-55F0100E7B92}.Release|ARM.Build.0 = Release|ARM
		{B5FFA7F1-BFC2-411E-A4EA-55F0100E7B92}.Release|ARM.Deploy.0 = Release|ARM
		{B5FFA7F1-BFC2-411E-A4EA-55F0100E7B92}.Release|iPhone.ActiveCfg = Release|Any CPU
		{B5FFA7F1-BFC2-411E-A4EA-55F0100E7B92}.Release|iPhoneSimulator.ActiveCfg = Release|Any CPU
		{B5FFA7F1-BFC2-411E-A4EA-55F0100E7B92}.Release|Mixed Platforms.ActiveCfg = Release|x86
		{B5FFA7F1-BFC2-411E-A4EA-55F0100E7B92}.Release|Mixed Platforms.Build.0 = Release|x86
		{B5FFA7F1-BFC2-411E-A4EA-55F0100E7B92}.Release|Mixed Platforms.Deploy.0 = Release|x86
		{B5FFA7F1-BFC2-411E-A4EA-55F0100E7B92}.Release|x64.ActiveCfg = Release|x64
		{B5FFA7F1-BFC2-411E-A4EA-55F0100E7B92}.Release|x64.Build.0 = Release|x64
		{B5FFA7F1-BFC2-411E-A4EA-55F0100E7B92}.Release|x64.Deploy.0 = Release|x64
		{B5FFA7F1-BFC2-411E-A4EA-55F0100E7B92}.Release|x86.ActiveCfg = Release|x86
		{B5FFA7F1-BFC2-411E-A4EA-55F0100E7B92}.Release|x86.Build.0 = Release|x86
		{B5FFA7F1-BFC2-411E-A4EA-55F0100E7B92}.Release|x86.Deploy.0 = Release|x86
	EndGlobalSection
	GlobalSection(SolutionProperties) = preSolution
		HideSolutionNode = FALSE
	EndGlobalSection
EndGlobal
